// !$*UTF8*$!
{
	archiveVersion = 1;
	classes = {
	};
	objectVersion = 55;
	objects = {

/* Begin PBXBuildFile section */
		3A0C89DB2976B25200DFFEC7 /* OTPStackView.swift in Sources */ = {isa = PBXBuildFile; fileRef = 3A0C89DA2976B25200DFFEC7 /* OTPStackView.swift */; };
		3A0C89DD2976B27100DFFEC7 /* OTPTextField.swift in Sources */ = {isa = PBXBuildFile; fileRef = 3A0C89DC2976B27100DFFEC7 /* OTPTextField.swift */; };
		3A0D5A2A28D17AFA00C08219 /* qrpay.json in Resources */ = {isa = PBXBuildFile; fileRef = 3A0D5A2928D17AFA00C08219 /* qrpay.json */; };
		3A0D5A2D28D17CE400C08219 /* LoginVC.storyboard in Resources */ = {isa = PBXBuildFile; fileRef = 3A0D5A2C28D17CE400C08219 /* LoginVC.storyboard */; };
		3A0D5A2F28D17CFB00C08219 /* LoginVC.swift in Sources */ = {isa = PBXBuildFile; fileRef = 3A0D5A2E28D17CFB00C08219 /* LoginVC.swift */; };
		3A0DFCA3295EE9B4008A2A66 /* ProfileInforVC.swift in Sources */ = {isa = PBXBuildFile; fileRef = 3A0DFCA2295EE9B4008A2A66 /* ProfileInforVC.swift */; };
		3A0DFCA5295EE9C3008A2A66 /* ProfileInfor.storyboard in Resources */ = {isa = PBXBuildFile; fileRef = 3A0DFCA4295EE9C3008A2A66 /* ProfileInfor.storyboard */; };
		3A15F24728B3694D009E472B /* ic2.json in Resources */ = {isa = PBXBuildFile; fileRef = 3A15F24528B3694D009E472B /* ic2.json */; };
		3A15F24828B3694D009E472B /* ic1.json in Resources */ = {isa = PBXBuildFile; fileRef = 3A15F24628B3694D009E472B /* ic1.json */; };
		3A3631AC28C5A53E00BADCB7 /* UIView+.swift in Sources */ = {isa = PBXBuildFile; fileRef = 3A3631AB28C5A53E00BADCB7 /* UIView+.swift */; };
		3A3631B128C7272000BADCB7 /* Color+.swift in Sources */ = {isa = PBXBuildFile; fileRef = 3A3631B028C7272000BADCB7 /* Color+.swift */; };
		3A3631DB28C84E0700BADCB7 /* UserDefault.swift in Sources */ = {isa = PBXBuildFile; fileRef = 3A3631DA28C84E0700BADCB7 /* UserDefault.swift */; };
		3A4D8B9C2990A1AE00780FD5 /* VNALoading.swift in Sources */ = {isa = PBXBuildFile; fileRef = 3A4D8B9B2990A1AE00780FD5 /* VNALoading.swift */; };
		3A541E3D295D36E300E5EBBE /* HorizontalScrollViewVC.swift in Sources */ = {isa = PBXBuildFile; fileRef = 3A541E3C295D36E300E5EBBE /* HorizontalScrollViewVC.swift */; };
		3A541E3F295D36E900E5EBBE /* HorizontalScrollViewVC.storyboard in Resources */ = {isa = PBXBuildFile; fileRef = 3A541E3E295D36E900E5EBBE /* HorizontalScrollViewVC.storyboard */; };
		3A541E43295D38B100E5EBBE /* Date+.swift in Sources */ = {isa = PBXBuildFile; fileRef = 3A541E42295D38B100E5EBBE /* Date+.swift */; };
		3A541E47295D3B3F00E5EBBE /* DateExamplesVC.swift in Sources */ = {isa = PBXBuildFile; fileRef = 3A541E46295D3B3F00E5EBBE /* DateExamplesVC.swift */; };
		3A541E49295D3B4F00E5EBBE /* DateExamplesVC.storyboard in Resources */ = {isa = PBXBuildFile; fileRef = 3A541E48295D3B4F00E5EBBE /* DateExamplesVC.storyboard */; };
		3A541E4C295D46CF00E5EBBE /* DashedLineView.swift in Sources */ = {isa = PBXBuildFile; fileRef = 3A541E4B295D46CF00E5EBBE /* DashedLineView.swift */; };
		3A541E4F295D472F00E5EBBE /* DTLabel.swift in Sources */ = {isa = PBXBuildFile; fileRef = 3A541E4E295D472F00E5EBBE /* DTLabel.swift */; };
		3A55324328B72FBE00051F8C /* Gradient.swift in Sources */ = {isa = PBXBuildFile; fileRef = 3A55324228B72FBE00051F8C /* Gradient.swift */; };
		3A55324828B767DD00051F8C /* ImagePickerManager.swift in Sources */ = {isa = PBXBuildFile; fileRef = 3A55324728B767DD00051F8C /* ImagePickerManager.swift */; };
		3A5533F428B8826800051F8C /* ChooseColorView.swift in Sources */ = {isa = PBXBuildFile; fileRef = 3A5533F328B8826800051F8C /* ChooseColorView.swift */; };
		3A5533F628B8827700051F8C /* ChooseColorView.xib in Resources */ = {isa = PBXBuildFile; fileRef = 3A5533F528B8827700051F8C /* ChooseColorView.xib */; };
		3A58220A2955998B00F908E7 /* CheckPhoneNumber.storyboard in Resources */ = {isa = PBXBuildFile; fileRef = 3A5822092955998B00F908E7 /* CheckPhoneNumber.storyboard */; };
		3A58220C2955999300F908E7 /* CheckPhoneNumber.swift in Sources */ = {isa = PBXBuildFile; fileRef = 3A58220B2955999300F908E7 /* CheckPhoneNumber.swift */; };
		3A5835CA28CAD00800D344E6 /* String+.swift in Sources */ = {isa = PBXBuildFile; fileRef = 3A5835C928CAD00800D344E6 /* String+.swift */; };
		3A5CCF832BA2CF30001EDF95 /* SettingVC.swift in Sources */ = {isa = PBXBuildFile; fileRef = 3A5CCF812BA2CF30001EDF95 /* SettingVC.swift */; };
		3A5CCF842BA2CF30001EDF95 /* SettingVC.xib in Resources */ = {isa = PBXBuildFile; fileRef = 3A5CCF822BA2CF30001EDF95 /* SettingVC.xib */; };
		3A5CCF8C2BA2D120001EDF95 /* Localizable.strings in Resources */ = {isa = PBXBuildFile; fileRef = 3A5CCF8E2BA2D120001EDF95 /* Localizable.strings */; };
		3A5CCF922BA2D19F001EDF95 /* App.swift in Sources */ = {isa = PBXBuildFile; fileRef = 3A5CCF912BA2D19F001EDF95 /* App.swift */; };
		3A5CCF952BA2D93E001EDF95 /* DTHeaderView.swift in Sources */ = {isa = PBXBuildFile; fileRef = 3A5CCF932BA2D93E001EDF95 /* DTHeaderView.swift */; };
		3A5CCF962BA2D93E001EDF95 /* DTHeaderView.xib in Resources */ = {isa = PBXBuildFile; fileRef = 3A5CCF942BA2D93E001EDF95 /* DTHeaderView.xib */; };
		3A5E195F29767FB300D702D9 /* data.json in Resources */ = {isa = PBXBuildFile; fileRef = 3A5E195E29767FB300D702D9 /* data.json */; };
		3A5E19622976824200D702D9 /* UserDefaults+.swift in Sources */ = {isa = PBXBuildFile; fileRef = 3A5E19612976824200D702D9 /* UserDefaults+.swift */; };
		3A5E196529769F8300D702D9 /* VNBAlertController.swift in Sources */ = {isa = PBXBuildFile; fileRef = 3A5E196429769F8300D702D9 /* VNBAlertController.swift */; };
		3A5E19692976AAD400D702D9 /* OTPVC.swift in Sources */ = {isa = PBXBuildFile; fileRef = 3A5E19672976AAD400D702D9 /* OTPVC.swift */; };
		3A5E196A2976AAD400D702D9 /* OTPVC.xib in Resources */ = {isa = PBXBuildFile; fileRef = 3A5E19682976AAD400D702D9 /* OTPVC.xib */; };
		3A5E196C2976AE3300D702D9 /* Color.xcassets in Resources */ = {isa = PBXBuildFile; fileRef = 3A5E196B2976AE3300D702D9 /* Color.xcassets */; };
		3A5E6C9F2951AAA4003A2882 /* HomeCellItem.swift in Sources */ = {isa = PBXBuildFile; fileRef = 3A5E6C9E2951AAA4003A2882 /* HomeCellItem.swift */; };
		3A5E6CA12951B00A003A2882 /* DTScrollView.swift in Sources */ = {isa = PBXBuildFile; fileRef = 3A5E6CA02951B00A003A2882 /* DTScrollView.swift */; };
		3A5E6CA42952ACF1003A2882 /* ProfileView.swift in Sources */ = {isa = PBXBuildFile; fileRef = 3A5E6CA32952ACF1003A2882 /* ProfileView.swift */; };
		3A5E6CA62952AE8D003A2882 /* ProfileModel.swift in Sources */ = {isa = PBXBuildFile; fileRef = 3A5E6CA52952AE8D003A2882 /* ProfileModel.swift */; };
		3A5E6CAF2952B0B8003A2882 /* UIFont+.swift in Sources */ = {isa = PBXBuildFile; fileRef = 3A5E6CAE2952B0B8003A2882 /* UIFont+.swift */; };
		3A62FB0E28B5CBA6000F7FB1 /* HomeIcon.swift in Sources */ = {isa = PBXBuildFile; fileRef = 3A62FB0D28B5CBA6000F7FB1 /* HomeIcon.swift */; };
		3A79F79F2974EAF00093F4A9 /* VNAValueView.swift in Sources */ = {isa = PBXBuildFile; fileRef = 3A79F79E2974EAF00093F4A9 /* VNAValueView.swift */; };
		3A7FC4F82B626423003B1E3B /* NewHome.plist in Resources */ = {isa = PBXBuildFile; fileRef = 3A0D5A2728CF2E5A00C08219 /* NewHome.plist */; };
		3A7FC5062B626F4F003B1E3B /* ActiveType.swift in Sources */ = {isa = PBXBuildFile; fileRef = 3A7FC5052B626F4F003B1E3B /* ActiveType.swift */; };
		3A7FC5072B6270A8003B1E3B /* MFFuntions.plist in Resources */ = {isa = PBXBuildFile; fileRef = 3AD7D5E5294AB2A500FE2AE9 /* MFFuntions.plist */; };
		3A81EACC296D16E5009CFB86 /* NewTextInputView.swift in Sources */ = {isa = PBXBuildFile; fileRef = 3A81EACB296D16E5009CFB86 /* NewTextInputView.swift */; };
		3A81EACE296D16EC009CFB86 /* NewTextInputView.xib in Resources */ = {isa = PBXBuildFile; fileRef = 3A81EACD296D16EC009CFB86 /* NewTextInputView.xib */; };
		3A81EAD1296D3754009CFB86 /* TPKeyboardAvoidingScrollView.swift in Sources */ = {isa = PBXBuildFile; fileRef = 3A81EAD0296D3754009CFB86 /* TPKeyboardAvoidingScrollView.swift */; };
		3A877B3128BE186C0030CCDB /* TabbarHomeVC.swift in Sources */ = {isa = PBXBuildFile; fileRef = 3A877B3028BE186C0030CCDB /* TabbarHomeVC.swift */; };
		3A877B3328BE18980030CCDB /* TabbarHomeVC.xib in Resources */ = {isa = PBXBuildFile; fileRef = 3A877B3228BE18980030CCDB /* TabbarHomeVC.xib */; };
		3A877B3728BF1E520030CCDB /* iconCell.swift in Sources */ = {isa = PBXBuildFile; fileRef = 3A877B3528BF1E520030CCDB /* iconCell.swift */; };
		3A877B3828BF1E520030CCDB /* iconCell.xib in Resources */ = {isa = PBXBuildFile; fileRef = 3A877B3628BF1E520030CCDB /* iconCell.xib */; };
		3A877B3D28BF69820030CCDB /* VNATabBarIconModel.swift in Sources */ = {isa = PBXBuildFile; fileRef = 3A877B3C28BF69820030CCDB /* VNATabBarIconModel.swift */; };
		3A8CC75828D18CF0005BD468 /* Contacts.swift in Sources */ = {isa = PBXBuildFile; fileRef = 3A8CC75728D18CF0005BD468 /* Contacts.swift */; };
		3A8CC75B28D18DB3005BD468 /* ContactVC.swift in Sources */ = {isa = PBXBuildFile; fileRef = 3A8CC75A28D18DB3005BD468 /* ContactVC.swift */; };
		3A8CC75D28D18DBA005BD468 /* ContactVC.storyboard in Resources */ = {isa = PBXBuildFile; fileRef = 3A8CC75C28D18DBA005BD468 /* ContactVC.storyboard */; };
		3A8CC76228D1948F005BD468 /* ContactCell.swift in Sources */ = {isa = PBXBuildFile; fileRef = 3A8CC76028D1948F005BD468 /* ContactCell.swift */; };
		3A8CC76328D1948F005BD468 /* ContactCell.xib in Resources */ = {isa = PBXBuildFile; fileRef = 3A8CC76128D1948F005BD468 /* ContactCell.xib */; };
		3A8CC76528D1D4E8005BD468 /* 119723-3d-skyline-building.json in Resources */ = {isa = PBXBuildFile; fileRef = 3A8CC76428D1D4E8005BD468 /* 119723-3d-skyline-building.json */; };
		3A8CC76728D1D58C005BD468 /* 101468-contact-lottie-animation.json in Resources */ = {isa = PBXBuildFile; fileRef = 3A8CC76628D1D58C005BD468 /* 101468-contact-lottie-animation.json */; };
		3A8FDB9D2966CFED00D5280C /* ContactViewController.storyboard in Resources */ = {isa = PBXBuildFile; fileRef = 3A8FDB9C2966CFED00D5280C /* ContactViewController.storyboard */; };
		3A8FDB9F2966CFF900D5280C /* ContactViewController.swift in Sources */ = {isa = PBXBuildFile; fileRef = 3A8FDB9E2966CFF900D5280C /* ContactViewController.swift */; };
		3A8FDBA22966DCC100D5280C /* InforContactVC.swift in Sources */ = {isa = PBXBuildFile; fileRef = 3A8FDBA12966DCC100D5280C /* InforContactVC.swift */; };
		3A8FDBA42966DCC700D5280C /* InforContactVC.storyboard in Resources */ = {isa = PBXBuildFile; fileRef = 3A8FDBA32966DCC700D5280C /* InforContactVC.storyboard */; };
		3A964D5A294980AD0033C11D /* HomeIC.xcassets in Resources */ = {isa = PBXBuildFile; fileRef = 3A964D59294980AD0033C11D /* HomeIC.xcassets */; };
		3A964D5C294982F80033C11D /* BaseViewController.swift in Sources */ = {isa = PBXBuildFile; fileRef = 3A964D5B294982F80033C11D /* BaseViewController.swift */; };
		3A964D5F294984B10033C11D /* UIButton+.swift in Sources */ = {isa = PBXBuildFile; fileRef = 3A964D5E294984B10033C11D /* UIButton+.swift */; };
		3A964D62294985090033C11D /* UIGestureRecognizer+.swift in Sources */ = {isa = PBXBuildFile; fileRef = 3A964D61294985090033C11D /* UIGestureRecognizer+.swift */; };
		3A964D65294986200033C11D /* VNBButton.swift in Sources */ = {isa = PBXBuildFile; fileRef = 3A964D64294986200033C11D /* VNBButton.swift */; };
		3A964D68294986ED0033C11D /* VNDTHeaderView.swift in Sources */ = {isa = PBXBuildFile; fileRef = 3A964D67294986ED0033C11D /* VNDTHeaderView.swift */; };
		3A964D6B29498AC90033C11D /* up.json in Resources */ = {isa = PBXBuildFile; fileRef = 3A964D6929498AC90033C11D /* up.json */; };
		3A964D6C29498AC90033C11D /* down.json in Resources */ = {isa = PBXBuildFile; fileRef = 3A964D6A29498AC90033C11D /* down.json */; };
		3A964D7129498B180033C11D /* BaseView.swift in Sources */ = {isa = PBXBuildFile; fileRef = 3A964D7029498B180033C11D /* BaseView.swift */; };
		3A98B52D2990A962009C651E /* VNALoading.json in Resources */ = {isa = PBXBuildFile; fileRef = 3A98B52C2990A962009C651E /* VNALoading.json */; };
		3AA4A165294ADD09000D9C89 /* Model.swift in Sources */ = {isa = PBXBuildFile; fileRef = 3AA4A164294ADD09000D9C89 /* Model.swift */; };
		3AAACDCD296483E60094EE18 /* BSVCardView.swift in Sources */ = {isa = PBXBuildFile; fileRef = 3AAACDCC296483E60094EE18 /* BSVCardView.swift */; };
		3AAACDCF296483EC0094EE18 /* BSVCardView.xib in Resources */ = {isa = PBXBuildFile; fileRef = 3AAACDCE296483EC0094EE18 /* BSVCardView.xib */; };
		3AAACDD3296513950094EE18 /* TimePickerToolBarView.swift in Sources */ = {isa = PBXBuildFile; fileRef = 3AAACDD2296513950094EE18 /* TimePickerToolBarView.swift */; };
		3AAACDD5296513AC0094EE18 /* VNDTSelectDateView.swift in Sources */ = {isa = PBXBuildFile; fileRef = 3AAACDD4296513AC0094EE18 /* VNDTSelectDateView.swift */; };
		3AAACDD8296555760094EE18 /* AddEventVC.swift in Sources */ = {isa = PBXBuildFile; fileRef = 3AAACDD7296555760094EE18 /* AddEventVC.swift */; };
		3AAACDDA2965557F0094EE18 /* AddEventVC.storyboard in Resources */ = {isa = PBXBuildFile; fileRef = 3AAACDD92965557F0094EE18 /* AddEventVC.storyboard */; };
		3AB24D1C2967BA1A00F55DD1 /* VNATableViewCell.swift in Sources */ = {isa = PBXBuildFile; fileRef = 3AB24D1A2967BA1A00F55DD1 /* VNATableViewCell.swift */; };
		3AB24D1D2967BA1A00F55DD1 /* VNATableViewCell.xib in Resources */ = {isa = PBXBuildFile; fileRef = 3AB24D1B2967BA1A00F55DD1 /* VNATableViewCell.xib */; };
		3AB24D202967D59300F55DD1 /* AddNewContactVC.swift in Sources */ = {isa = PBXBuildFile; fileRef = 3AB24D1F2967D59300F55DD1 /* AddNewContactVC.swift */; };
		3AB24D222967D5A900F55DD1 /* AddNewContactVC.storyboard in Resources */ = {isa = PBXBuildFile; fileRef = 3AB24D212967D5A900F55DD1 /* AddNewContactVC.storyboard */; };
		3AB24D25296800B600F55DD1 /* VNAChooseSelectionView.swift in Sources */ = {isa = PBXBuildFile; fileRef = 3AB24D24296800B600F55DD1 /* VNAChooseSelectionView.swift */; };
		3AB910702964189D00955BBD /* DTTextInputView.swift in Sources */ = {isa = PBXBuildFile; fileRef = 3AB9106F2964189D00955BBD /* DTTextInputView.swift */; };
		3AB9107329641A2500955BBD /* InforView.swift in Sources */ = {isa = PBXBuildFile; fileRef = 3AB9107229641A2500955BBD /* InforView.swift */; };
		3AB9107529641A3600955BBD /* InforView.xib in Resources */ = {isa = PBXBuildFile; fileRef = 3AB9107429641A3600955BBD /* InforView.xib */; };
		3AB9107829641B2400955BBD /* TitleInforView.swift in Sources */ = {isa = PBXBuildFile; fileRef = 3AB9107729641B2400955BBD /* TitleInforView.swift */; };
		3AB9107A29641B4C00955BBD /* TitleInforView.xib in Resources */ = {isa = PBXBuildFile; fileRef = 3AB9107929641B4C00955BBD /* TitleInforView.xib */; };
		3AB910842964249800955BBD /* DocumentView.xib in Resources */ = {isa = PBXBuildFile; fileRef = 3AB910832964249800955BBD /* DocumentView.xib */; };
		3AB91086296424A100955BBD /* DocumentView.swift in Sources */ = {isa = PBXBuildFile; fileRef = 3AB91085296424A100955BBD /* DocumentView.swift */; };
		3ABB4A68295B0173000B5899 /* Array+.swift in Sources */ = {isa = PBXBuildFile; fileRef = 3ABB4A67295B0173000B5899 /* Array+.swift */; };
		3AC331F92971022100F469AD /* Icon-2@2x.png in Resources */ = {isa = PBXBuildFile; fileRef = 3AC331F82971022100F469AD /* Icon-2@2x.png */; };
		3AC331FB2971025200F469AD /* Icon-2@3x.png in Resources */ = {isa = PBXBuildFile; fileRef = 3AC331FA2971025200F469AD /* Icon-2@3x.png */; };
		3AC331FE2971029600F469AD /* Icon-3@3x.png in Resources */ = {isa = PBXBuildFile; fileRef = 3AC331FC2971029500F469AD /* Icon-3@3x.png */; };
		3AC331FF2971029600F469AD /* Icon-3@2x.png in Resources */ = {isa = PBXBuildFile; fileRef = 3AC331FD2971029600F469AD /* Icon-3@2x.png */; };
		3ACB3FD2296FB3FD00FE50C7 /* AppleWalletVC.swift in Sources */ = {isa = PBXBuildFile; fileRef = 3ACB3FD1296FB3FD00FE50C7 /* AppleWalletVC.swift */; };
		3ACB3FD4296FB40A00FE50C7 /* AppleWalletVC.storyboard in Resources */ = {isa = PBXBuildFile; fileRef = 3ACB3FD3296FB40A00FE50C7 /* AppleWalletVC.storyboard */; };
		3AD152472978F8970054A372 /* LoginMyProfileVC.swift in Sources */ = {isa = PBXBuildFile; fileRef = 3AD152452978F8970054A372 /* LoginMyProfileVC.swift */; };
		3AD152482978F8970054A372 /* LoginMyProfileVC.xib in Resources */ = {isa = PBXBuildFile; fileRef = 3AD152462978F8970054A372 /* LoginMyProfileVC.xib */; };
		3AD7D5E22949C53100FE2AE9 /* HomeMyProfileViewController.swift in Sources */ = {isa = PBXBuildFile; fileRef = 3AD7D5E12949C53100FE2AE9 /* HomeMyProfileViewController.swift */; };
		3AD7D5E42949C54000FE2AE9 /* HomeMyProfileViewController.storyboard in Resources */ = {isa = PBXBuildFile; fileRef = 3AD7D5E32949C54000FE2AE9 /* HomeMyProfileViewController.storyboard */; };
		3AD7D5E8294AB44C00FE2AE9 /* MyProfileIC.xcassets in Resources */ = {isa = PBXBuildFile; fileRef = 3AD7D5E7294AB44C00FE2AE9 /* MyProfileIC.xcassets */; };
		3ADFA28E28B3136C00D5EC6E /* AppDelegate.swift in Sources */ = {isa = PBXBuildFile; fileRef = 3ADFA28D28B3136C00D5EC6E /* AppDelegate.swift */; };
		3ADFA29028B3136C00D5EC6E /* SceneDelegate.swift in Sources */ = {isa = PBXBuildFile; fileRef = 3ADFA28F28B3136C00D5EC6E /* SceneDelegate.swift */; };
		3ADFA29228B3136C00D5EC6E /* ViewController.swift in Sources */ = {isa = PBXBuildFile; fileRef = 3ADFA29128B3136C00D5EC6E /* ViewController.swift */; };
		3ADFA29528B3136C00D5EC6E /* Main.storyboard in Resources */ = {isa = PBXBuildFile; fileRef = 3ADFA29328B3136C00D5EC6E /* Main.storyboard */; };
		3ADFA29728B3136E00D5EC6E /* Assets.xcassets in Resources */ = {isa = PBXBuildFile; fileRef = 3ADFA29628B3136E00D5EC6E /* Assets.xcassets */; };
		3ADFA29A28B3136E00D5EC6E /* LaunchScreen.storyboard in Resources */ = {isa = PBXBuildFile; fileRef = 3ADFA29828B3136E00D5EC6E /* LaunchScreen.storyboard */; };
		3ADFA2A628B3183700D5EC6E /* gift-on-the-way.json in Resources */ = {isa = PBXBuildFile; fileRef = 3ADFA2A528B3183700D5EC6E /* gift-on-the-way.json */; };
		3AE221C12A4AE707002C4890 /* VNAButton.swift in Sources */ = {isa = PBXBuildFile; fileRef = 3AE221C02A4AE707002C4890 /* VNAButton.swift */; };
		3AE221C32A4AE713002C4890 /* VNAButton.xib in Resources */ = {isa = PBXBuildFile; fileRef = 3AE221C22A4AE713002C4890 /* VNAButton.xib */; };
		3AE221C62A4AF720002C4890 /* VNAPassengerView.swift in Sources */ = {isa = PBXBuildFile; fileRef = 3AE221C52A4AF720002C4890 /* VNAPassengerView.swift */; };
		3AE221C82A4AF72C002C4890 /* VNAPassengerView.xib in Resources */ = {isa = PBXBuildFile; fileRef = 3AE221C72A4AF72C002C4890 /* VNAPassengerView.xib */; };
		3AE745662A60EED2001B1F08 /* TicketView.xib in Resources */ = {isa = PBXBuildFile; fileRef = 3AE745652A60EED2001B1F08 /* TicketView.xib */; };
		3AE745682A60F3DE001B1F08 /* TicketView.swift in Sources */ = {isa = PBXBuildFile; fileRef = 3AE745632A60EEC5001B1F08 /* TicketView.swift */; };
		3AEA76E128D30BDE000D8C50 /* PopupView.xib in Resources */ = {isa = PBXBuildFile; fileRef = 3AEA76E028D30BDE000D8C50 /* PopupView.xib */; };
		3AEA76E328D30BF1000D8C50 /* PopupView.swift in Sources */ = {isa = PBXBuildFile; fileRef = 3AEA76E228D30BF1000D8C50 /* PopupView.swift */; };
		3AF10C9E29E6AF6A0023E7F0 /* HeaderAlert.swift in Sources */ = {isa = PBXBuildFile; fileRef = 3AF10C9D29E6AF6A0023E7F0 /* HeaderAlert.swift */; };
		3AF10CA029E6AF720023E7F0 /* HeaderAlert.storyboard in Resources */ = {isa = PBXBuildFile; fileRef = 3AF10C9F29E6AF720023E7F0 /* HeaderAlert.storyboard */; };
		3AF248C429DAAAFA00A13CDE /* CustomSegmentedControl.swift in Sources */ = {isa = PBXBuildFile; fileRef = 3AF248C329DAAAFA00A13CDE /* CustomSegmentedControl.swift */; };
		3AF42BA22B597E7000D54F2B /* VNDTPopupDetailFlight.swift in Sources */ = {isa = PBXBuildFile; fileRef = 3AF42BA12B597E7000D54F2B /* VNDTPopupDetailFlight.swift */; };
		3AF42BA42B597E7A00D54F2B /* VNDTPopupDetailFlight.xib in Resources */ = {isa = PBXBuildFile; fileRef = 3AF42BA32B597E7A00D54F2B /* VNDTPopupDetailFlight.xib */; };
		3AF42BA72B5984CC00D54F2B /* VNDTSearchFlight.swift in Sources */ = {isa = PBXBuildFile; fileRef = 3AF42BA52B5984CC00D54F2B /* VNDTSearchFlight.swift */; };
		3AF42BA82B5984CC00D54F2B /* VNDTSearchFlight.xib in Resources */ = {isa = PBXBuildFile; fileRef = 3AF42BA62B5984CC00D54F2B /* VNDTSearchFlight.xib */; };
		3AF9DB3D296BBC2000190476 /* PopupContactView.swift in Sources */ = {isa = PBXBuildFile; fileRef = 3AF9DB3C296BBC2000190476 /* PopupContactView.swift */; };
		3AF9DB3F296BBC2600190476 /* PopupContactView.xib in Resources */ = {isa = PBXBuildFile; fileRef = 3AF9DB3E296BBC2600190476 /* PopupContactView.xib */; };
		3AF9DB42296BC2B200190476 /* PopupWindownVC.swift in Sources */ = {isa = PBXBuildFile; fileRef = 3AF9DB41296BC2B200190476 /* PopupWindownVC.swift */; };
		3AF9DB45296C254A00190476 /* PopupAddCardVC.swift in Sources */ = {isa = PBXBuildFile; fileRef = 3AF9DB44296C254A00190476 /* PopupAddCardVC.swift */; };
		3AF9DB47296C254F00190476 /* PopupAddCardVC.storyboard in Resources */ = {isa = PBXBuildFile; fileRef = 3AF9DB46296C254F00190476 /* PopupAddCardVC.storyboard */; };
		B383849DF62F8D76BD5B869B /* Pods_gif.framework in Frameworks */ = {isa = PBXBuildFile; fileRef = 90B1E295063AF1AACF6229A8 /* Pods_gif.framework */; };
/* End PBXBuildFile section */

/* Begin PBXCopyFilesBuildPhase section */
		3A3633E8295149C40010FA73 /* Embed Frameworks */ = {
			isa = PBXCopyFilesBuildPhase;
			buildActionMask = 2147483647;
			dstPath = "";
			dstSubfolderSpec = 10;
			files = (
			);
			name = "Embed Frameworks";
			runOnlyForDeploymentPostprocessing = 0;
		};
		3AEB099E29EFCB2C00956150 /* Embed Foundation Extensions */ = {
			isa = PBXCopyFilesBuildPhase;
			buildActionMask = 2147483647;
			dstPath = "";
			dstSubfolderSpec = 13;
			files = (
			);
			name = "Embed Foundation Extensions";
			runOnlyForDeploymentPostprocessing = 0;
		};
/* End PBXCopyFilesBuildPhase section */

/* Begin PBXFileReference section */
		075968509E1CDEE015BA2083 /* Pods-gif.debug.xcconfig */ = {isa = PBXFileReference; includeInIndex = 1; lastKnownFileType = text.xcconfig; name = "Pods-gif.debug.xcconfig"; path = "Target Support Files/Pods-gif/Pods-gif.debug.xcconfig"; sourceTree = "<group>"; };
		3A0C89DA2976B25200DFFEC7 /* OTPStackView.swift */ = {isa = PBXFileReference; lastKnownFileType = sourcecode.swift; path = OTPStackView.swift; sourceTree = "<group>"; };
		3A0C89DC2976B27100DFFEC7 /* OTPTextField.swift */ = {isa = PBXFileReference; lastKnownFileType = sourcecode.swift; path = OTPTextField.swift; sourceTree = "<group>"; };
		3A0D5A2728CF2E5A00C08219 /* NewHome.plist */ = {isa = PBXFileReference; lastKnownFileType = text.plist.xml; path = NewHome.plist; sourceTree = "<group>"; };
		3A0D5A2928D17AFA00C08219 /* qrpay.json */ = {isa = PBXFileReference; fileEncoding = 4; lastKnownFileType = text.json; path = qrpay.json; sourceTree = "<group>"; };
		3A0D5A2C28D17CE400C08219 /* LoginVC.storyboard */ = {isa = PBXFileReference; lastKnownFileType = file.storyboard; path = LoginVC.storyboard; sourceTree = "<group>"; };
		3A0D5A2E28D17CFB00C08219 /* LoginVC.swift */ = {isa = PBXFileReference; lastKnownFileType = sourcecode.swift; path = LoginVC.swift; sourceTree = "<group>"; };
		3A0DFCA2295EE9B4008A2A66 /* ProfileInforVC.swift */ = {isa = PBXFileReference; lastKnownFileType = sourcecode.swift; path = ProfileInforVC.swift; sourceTree = "<group>"; };
		3A0DFCA4295EE9C3008A2A66 /* ProfileInfor.storyboard */ = {isa = PBXFileReference; lastKnownFileType = file.storyboard; path = ProfileInfor.storyboard; sourceTree = "<group>"; };
		3A15F24528B3694D009E472B /* ic2.json */ = {isa = PBXFileReference; fileEncoding = 4; lastKnownFileType = text.json; path = ic2.json; sourceTree = "<group>"; };
		3A15F24628B3694D009E472B /* ic1.json */ = {isa = PBXFileReference; fileEncoding = 4; lastKnownFileType = text.json; path = ic1.json; sourceTree = "<group>"; };
		3A3631AB28C5A53E00BADCB7 /* UIView+.swift */ = {isa = PBXFileReference; lastKnownFileType = sourcecode.swift; path = "UIView+.swift"; sourceTree = "<group>"; };
		3A3631B028C7272000BADCB7 /* Color+.swift */ = {isa = PBXFileReference; lastKnownFileType = sourcecode.swift; path = "Color+.swift"; sourceTree = "<group>"; };
		3A3631DA28C84E0700BADCB7 /* UserDefault.swift */ = {isa = PBXFileReference; lastKnownFileType = sourcecode.swift; path = UserDefault.swift; sourceTree = "<group>"; };
		3A4D8B9B2990A1AE00780FD5 /* VNALoading.swift */ = {isa = PBXFileReference; lastKnownFileType = sourcecode.swift; path = VNALoading.swift; sourceTree = "<group>"; };
		3A541E3C295D36E300E5EBBE /* HorizontalScrollViewVC.swift */ = {isa = PBXFileReference; lastKnownFileType = sourcecode.swift; path = HorizontalScrollViewVC.swift; sourceTree = "<group>"; };
		3A541E3E295D36E900E5EBBE /* HorizontalScrollViewVC.storyboard */ = {isa = PBXFileReference; lastKnownFileType = file.storyboard; path = HorizontalScrollViewVC.storyboard; sourceTree = "<group>"; };
		3A541E42295D38B100E5EBBE /* Date+.swift */ = {isa = PBXFileReference; lastKnownFileType = sourcecode.swift; path = "Date+.swift"; sourceTree = "<group>"; };
		3A541E46295D3B3F00E5EBBE /* DateExamplesVC.swift */ = {isa = PBXFileReference; lastKnownFileType = sourcecode.swift; path = DateExamplesVC.swift; sourceTree = "<group>"; };
		3A541E48295D3B4F00E5EBBE /* DateExamplesVC.storyboard */ = {isa = PBXFileReference; lastKnownFileType = file.storyboard; path = DateExamplesVC.storyboard; sourceTree = "<group>"; };
		3A541E4B295D46CF00E5EBBE /* DashedLineView.swift */ = {isa = PBXFileReference; lastKnownFileType = sourcecode.swift; path = DashedLineView.swift; sourceTree = "<group>"; };
		3A541E4E295D472F00E5EBBE /* DTLabel.swift */ = {isa = PBXFileReference; lastKnownFileType = sourcecode.swift; path = DTLabel.swift; sourceTree = "<group>"; };
		3A55324228B72FBE00051F8C /* Gradient.swift */ = {isa = PBXFileReference; lastKnownFileType = sourcecode.swift; path = Gradient.swift; sourceTree = "<group>"; };
		3A55324728B767DD00051F8C /* ImagePickerManager.swift */ = {isa = PBXFileReference; lastKnownFileType = sourcecode.swift; path = ImagePickerManager.swift; sourceTree = "<group>"; };
		3A5533F328B8826800051F8C /* ChooseColorView.swift */ = {isa = PBXFileReference; lastKnownFileType = sourcecode.swift; path = ChooseColorView.swift; sourceTree = "<group>"; };
		3A5533F528B8827700051F8C /* ChooseColorView.xib */ = {isa = PBXFileReference; lastKnownFileType = file.xib; path = ChooseColorView.xib; sourceTree = "<group>"; };
		3A5822092955998B00F908E7 /* CheckPhoneNumber.storyboard */ = {isa = PBXFileReference; lastKnownFileType = file.storyboard; path = CheckPhoneNumber.storyboard; sourceTree = "<group>"; };
		3A58220B2955999300F908E7 /* CheckPhoneNumber.swift */ = {isa = PBXFileReference; lastKnownFileType = sourcecode.swift; path = CheckPhoneNumber.swift; sourceTree = "<group>"; };
		3A5835C928CAD00800D344E6 /* String+.swift */ = {isa = PBXFileReference; lastKnownFileType = sourcecode.swift; path = "String+.swift"; sourceTree = "<group>"; };
		3A5CCF812BA2CF30001EDF95 /* SettingVC.swift */ = {isa = PBXFileReference; lastKnownFileType = sourcecode.swift; path = SettingVC.swift; sourceTree = "<group>"; };
		3A5CCF822BA2CF30001EDF95 /* SettingVC.xib */ = {isa = PBXFileReference; lastKnownFileType = file.xib; path = SettingVC.xib; sourceTree = "<group>"; };
		3A5CCF8D2BA2D120001EDF95 /* en */ = {isa = PBXFileReference; lastKnownFileType = text.plist.strings; name = en; path = en.lproj/Localizable.strings; sourceTree = "<group>"; };
		3A5CCF8F2BA2D128001EDF95 /* ko */ = {isa = PBXFileReference; lastKnownFileType = text.plist.strings; name = ko; path = ko.lproj/Localizable.strings; sourceTree = "<group>"; };
		3A5CCF902BA2D12A001EDF95 /* vi */ = {isa = PBXFileReference; lastKnownFileType = text.plist.strings; name = vi; path = vi.lproj/Localizable.strings; sourceTree = "<group>"; };
		3A5CCF912BA2D19F001EDF95 /* App.swift */ = {isa = PBXFileReference; lastKnownFileType = sourcecode.swift; path = App.swift; sourceTree = "<group>"; };
		3A5CCF932BA2D93E001EDF95 /* DTHeaderView.swift */ = {isa = PBXFileReference; lastKnownFileType = sourcecode.swift; path = DTHeaderView.swift; sourceTree = "<group>"; };
		3A5CCF942BA2D93E001EDF95 /* DTHeaderView.xib */ = {isa = PBXFileReference; lastKnownFileType = file.xib; path = DTHeaderView.xib; sourceTree = "<group>"; };
		3A5E195E29767FB300D702D9 /* data.json */ = {isa = PBXFileReference; lastKnownFileType = text.json; path = data.json; sourceTree = "<group>"; };
		3A5E19612976824200D702D9 /* UserDefaults+.swift */ = {isa = PBXFileReference; lastKnownFileType = sourcecode.swift; path = "UserDefaults+.swift"; sourceTree = "<group>"; };
		3A5E196429769F8300D702D9 /* VNBAlertController.swift */ = {isa = PBXFileReference; lastKnownFileType = sourcecode.swift; path = VNBAlertController.swift; sourceTree = "<group>"; };
		3A5E19672976AAD400D702D9 /* OTPVC.swift */ = {isa = PBXFileReference; lastKnownFileType = sourcecode.swift; path = OTPVC.swift; sourceTree = "<group>"; };
		3A5E19682976AAD400D702D9 /* OTPVC.xib */ = {isa = PBXFileReference; lastKnownFileType = file.xib; path = OTPVC.xib; sourceTree = "<group>"; };
		3A5E196B2976AE3300D702D9 /* Color.xcassets */ = {isa = PBXFileReference; lastKnownFileType = folder.assetcatalog; path = Color.xcassets; sourceTree = "<group>"; };
		3A5E6C9E2951AAA4003A2882 /* HomeCellItem.swift */ = {isa = PBXFileReference; lastKnownFileType = sourcecode.swift; path = HomeCellItem.swift; sourceTree = "<group>"; };
		3A5E6CA02951B00A003A2882 /* DTScrollView.swift */ = {isa = PBXFileReference; lastKnownFileType = sourcecode.swift; path = DTScrollView.swift; sourceTree = "<group>"; };
		3A5E6CA32952ACF1003A2882 /* ProfileView.swift */ = {isa = PBXFileReference; lastKnownFileType = sourcecode.swift; path = ProfileView.swift; sourceTree = "<group>"; };
		3A5E6CA52952AE8D003A2882 /* ProfileModel.swift */ = {isa = PBXFileReference; lastKnownFileType = sourcecode.swift; path = ProfileModel.swift; sourceTree = "<group>"; };
		3A5E6CA82952B036003A2882 /* SF-Pro-Display-Bold.otf */ = {isa = PBXFileReference; lastKnownFileType = file; path = "SF-Pro-Display-Bold.otf"; sourceTree = "<group>"; };
		3A5E6CA92952B036003A2882 /* SF-Pro-Display-BoldItalic.otf */ = {isa = PBXFileReference; lastKnownFileType = file; path = "SF-Pro-Display-BoldItalic.otf"; sourceTree = "<group>"; };
		3A5E6CAA2952B037003A2882 /* SF-Pro-Display-Regular.otf */ = {isa = PBXFileReference; lastKnownFileType = file; path = "SF-Pro-Display-Regular.otf"; sourceTree = "<group>"; };
		3A5E6CAB2952B038003A2882 /* SF-Pro-Display-RegularItalic.otf */ = {isa = PBXFileReference; lastKnownFileType = file; path = "SF-Pro-Display-RegularItalic.otf"; sourceTree = "<group>"; };
		3A5E6CAC2952B038003A2882 /* SF-Pro-Display-MediumItalic.otf */ = {isa = PBXFileReference; lastKnownFileType = file; path = "SF-Pro-Display-MediumItalic.otf"; sourceTree = "<group>"; };
		3A5E6CAD2952B039003A2882 /* SF-Pro-Display-Medium.otf */ = {isa = PBXFileReference; lastKnownFileType = file; path = "SF-Pro-Display-Medium.otf"; sourceTree = "<group>"; };
		3A5E6CAE2952B0B8003A2882 /* UIFont+.swift */ = {isa = PBXFileReference; lastKnownFileType = sourcecode.swift; path = "UIFont+.swift"; sourceTree = "<group>"; };
		3A62FB0D28B5CBA6000F7FB1 /* HomeIcon.swift */ = {isa = PBXFileReference; lastKnownFileType = sourcecode.swift; path = HomeIcon.swift; sourceTree = "<group>"; };
		3A79F79E2974EAF00093F4A9 /* VNAValueView.swift */ = {isa = PBXFileReference; lastKnownFileType = sourcecode.swift; path = VNAValueView.swift; sourceTree = "<group>"; };
		3A79F7A0297521CA0093F4A9 /* Card.ttf */ = {isa = PBXFileReference; lastKnownFileType = file; path = Card.ttf; sourceTree = "<group>"; };
		3A7FC5052B626F4F003B1E3B /* ActiveType.swift */ = {isa = PBXFileReference; lastKnownFileType = sourcecode.swift; path = ActiveType.swift; sourceTree = "<group>"; };
		3A81EACB296D16E5009CFB86 /* NewTextInputView.swift */ = {isa = PBXFileReference; lastKnownFileType = sourcecode.swift; path = NewTextInputView.swift; sourceTree = "<group>"; };
		3A81EACD296D16EC009CFB86 /* NewTextInputView.xib */ = {isa = PBXFileReference; lastKnownFileType = file.xib; path = NewTextInputView.xib; sourceTree = "<group>"; };
		3A81EAD0296D3754009CFB86 /* TPKeyboardAvoidingScrollView.swift */ = {isa = PBXFileReference; lastKnownFileType = sourcecode.swift; path = TPKeyboardAvoidingScrollView.swift; sourceTree = "<group>"; };
		3A877B3028BE186C0030CCDB /* TabbarHomeVC.swift */ = {isa = PBXFileReference; lastKnownFileType = sourcecode.swift; path = TabbarHomeVC.swift; sourceTree = "<group>"; };
		3A877B3228BE18980030CCDB /* TabbarHomeVC.xib */ = {isa = PBXFileReference; lastKnownFileType = file.xib; path = TabbarHomeVC.xib; sourceTree = "<group>"; };
		3A877B3528BF1E520030CCDB /* iconCell.swift */ = {isa = PBXFileReference; lastKnownFileType = sourcecode.swift; path = iconCell.swift; sourceTree = "<group>"; };
		3A877B3628BF1E520030CCDB /* iconCell.xib */ = {isa = PBXFileReference; lastKnownFileType = file.xib; path = iconCell.xib; sourceTree = "<group>"; };
		3A877B3C28BF69820030CCDB /* VNATabBarIconModel.swift */ = {isa = PBXFileReference; lastKnownFileType = sourcecode.swift; path = VNATabBarIconModel.swift; sourceTree = "<group>"; };
		3A898CFC2A5D66C40098B433 /* myWidgetBundle.swift */ = {isa = PBXFileReference; lastKnownFileType = sourcecode.swift; path = myWidgetBundle.swift; sourceTree = "<group>"; };
		3A898CFE2A5D66C40098B433 /* myWidgetLiveActivity.swift */ = {isa = PBXFileReference; lastKnownFileType = sourcecode.swift; path = myWidgetLiveActivity.swift; sourceTree = "<group>"; };
		3A898D002A5D66C40098B433 /* myWidget.swift */ = {isa = PBXFileReference; lastKnownFileType = sourcecode.swift; path = myWidget.swift; sourceTree = "<group>"; };
		3A898D022A5D66C50098B433 /* Assets.xcassets */ = {isa = PBXFileReference; lastKnownFileType = folder.assetcatalog; path = Assets.xcassets; sourceTree = "<group>"; };
		3A898D042A5D66C50098B433 /* Info.plist */ = {isa = PBXFileReference; lastKnownFileType = text.plist.xml; path = Info.plist; sourceTree = "<group>"; };
		3A8CC75728D18CF0005BD468 /* Contacts.swift */ = {isa = PBXFileReference; lastKnownFileType = sourcecode.swift; path = Contacts.swift; sourceTree = "<group>"; };
		3A8CC75A28D18DB3005BD468 /* ContactVC.swift */ = {isa = PBXFileReference; lastKnownFileType = sourcecode.swift; path = ContactVC.swift; sourceTree = "<group>"; };
		3A8CC75C28D18DBA005BD468 /* ContactVC.storyboard */ = {isa = PBXFileReference; lastKnownFileType = file.storyboard; path = ContactVC.storyboard; sourceTree = "<group>"; };
		3A8CC76028D1948F005BD468 /* ContactCell.swift */ = {isa = PBXFileReference; lastKnownFileType = sourcecode.swift; path = ContactCell.swift; sourceTree = "<group>"; };
		3A8CC76128D1948F005BD468 /* ContactCell.xib */ = {isa = PBXFileReference; lastKnownFileType = file.xib; path = ContactCell.xib; sourceTree = "<group>"; };
		3A8CC76428D1D4E8005BD468 /* 119723-3d-skyline-building.json */ = {isa = PBXFileReference; fileEncoding = 4; lastKnownFileType = text.json; path = "119723-3d-skyline-building.json"; sourceTree = "<group>"; };
		3A8CC76628D1D58C005BD468 /* 101468-contact-lottie-animation.json */ = {isa = PBXFileReference; fileEncoding = 4; lastKnownFileType = text.json; path = "101468-contact-lottie-animation.json"; sourceTree = "<group>"; };
		3A8FDB9C2966CFED00D5280C /* ContactViewController.storyboard */ = {isa = PBXFileReference; lastKnownFileType = file.storyboard; path = ContactViewController.storyboard; sourceTree = "<group>"; };
		3A8FDB9E2966CFF900D5280C /* ContactViewController.swift */ = {isa = PBXFileReference; lastKnownFileType = sourcecode.swift; path = ContactViewController.swift; sourceTree = "<group>"; };
		3A8FDBA12966DCC100D5280C /* InforContactVC.swift */ = {isa = PBXFileReference; lastKnownFileType = sourcecode.swift; path = InforContactVC.swift; sourceTree = "<group>"; };
		3A8FDBA32966DCC700D5280C /* InforContactVC.storyboard */ = {isa = PBXFileReference; lastKnownFileType = file.storyboard; path = InforContactVC.storyboard; sourceTree = "<group>"; };
		3A964D59294980AD0033C11D /* HomeIC.xcassets */ = {isa = PBXFileReference; lastKnownFileType = folder.assetcatalog; path = HomeIC.xcassets; sourceTree = "<group>"; };
		3A964D5B294982F80033C11D /* BaseViewController.swift */ = {isa = PBXFileReference; lastKnownFileType = sourcecode.swift; path = BaseViewController.swift; sourceTree = "<group>"; };
		3A964D5E294984B10033C11D /* UIButton+.swift */ = {isa = PBXFileReference; lastKnownFileType = sourcecode.swift; path = "UIButton+.swift"; sourceTree = "<group>"; };
		3A964D61294985090033C11D /* UIGestureRecognizer+.swift */ = {isa = PBXFileReference; lastKnownFileType = sourcecode.swift; path = "UIGestureRecognizer+.swift"; sourceTree = "<group>"; };
		3A964D64294986200033C11D /* VNBButton.swift */ = {isa = PBXFileReference; lastKnownFileType = sourcecode.swift; path = VNBButton.swift; sourceTree = "<group>"; };
		3A964D67294986ED0033C11D /* VNDTHeaderView.swift */ = {isa = PBXFileReference; lastKnownFileType = sourcecode.swift; path = VNDTHeaderView.swift; sourceTree = "<group>"; };
		3A964D6929498AC90033C11D /* up.json */ = {isa = PBXFileReference; fileEncoding = 4; lastKnownFileType = text.json; path = up.json; sourceTree = "<group>"; };
		3A964D6A29498AC90033C11D /* down.json */ = {isa = PBXFileReference; fileEncoding = 4; lastKnownFileType = text.json; path = down.json; sourceTree = "<group>"; };
		3A964D7029498B180033C11D /* BaseView.swift */ = {isa = PBXFileReference; lastKnownFileType = sourcecode.swift; path = BaseView.swift; sourceTree = "<group>"; };
		3A98B52C2990A962009C651E /* VNALoading.json */ = {isa = PBXFileReference; fileEncoding = 4; lastKnownFileType = text.json; path = VNALoading.json; sourceTree = "<group>"; };
		3AA4A164294ADD09000D9C89 /* Model.swift */ = {isa = PBXFileReference; lastKnownFileType = sourcecode.swift; path = Model.swift; sourceTree = "<group>"; };
		3AAACDCC296483E60094EE18 /* BSVCardView.swift */ = {isa = PBXFileReference; lastKnownFileType = sourcecode.swift; path = BSVCardView.swift; sourceTree = "<group>"; };
		3AAACDCE296483EC0094EE18 /* BSVCardView.xib */ = {isa = PBXFileReference; lastKnownFileType = file.xib; path = BSVCardView.xib; sourceTree = "<group>"; };
		3AAACDD2296513950094EE18 /* TimePickerToolBarView.swift */ = {isa = PBXFileReference; lastKnownFileType = sourcecode.swift; path = TimePickerToolBarView.swift; sourceTree = "<group>"; };
		3AAACDD4296513AC0094EE18 /* VNDTSelectDateView.swift */ = {isa = PBXFileReference; lastKnownFileType = sourcecode.swift; path = VNDTSelectDateView.swift; sourceTree = "<group>"; };
		3AAACDD7296555760094EE18 /* AddEventVC.swift */ = {isa = PBXFileReference; lastKnownFileType = sourcecode.swift; path = AddEventVC.swift; sourceTree = "<group>"; };
		3AAACDD92965557F0094EE18 /* AddEventVC.storyboard */ = {isa = PBXFileReference; lastKnownFileType = file.storyboard; path = AddEventVC.storyboard; sourceTree = "<group>"; };
		3AB24D1A2967BA1A00F55DD1 /* VNATableViewCell.swift */ = {isa = PBXFileReference; lastKnownFileType = sourcecode.swift; path = VNATableViewCell.swift; sourceTree = "<group>"; };
		3AB24D1B2967BA1A00F55DD1 /* VNATableViewCell.xib */ = {isa = PBXFileReference; lastKnownFileType = file.xib; path = VNATableViewCell.xib; sourceTree = "<group>"; };
		3AB24D1F2967D59300F55DD1 /* AddNewContactVC.swift */ = {isa = PBXFileReference; lastKnownFileType = sourcecode.swift; path = AddNewContactVC.swift; sourceTree = "<group>"; };
		3AB24D212967D5A900F55DD1 /* AddNewContactVC.storyboard */ = {isa = PBXFileReference; lastKnownFileType = file.storyboard; path = AddNewContactVC.storyboard; sourceTree = "<group>"; };
		3AB24D24296800B600F55DD1 /* VNAChooseSelectionView.swift */ = {isa = PBXFileReference; lastKnownFileType = sourcecode.swift; path = VNAChooseSelectionView.swift; sourceTree = "<group>"; };
		3AB9106F2964189D00955BBD /* DTTextInputView.swift */ = {isa = PBXFileReference; lastKnownFileType = sourcecode.swift; path = DTTextInputView.swift; sourceTree = "<group>"; };
		3AB9107229641A2500955BBD /* InforView.swift */ = {isa = PBXFileReference; lastKnownFileType = sourcecode.swift; path = InforView.swift; sourceTree = "<group>"; };
		3AB9107429641A3600955BBD /* InforView.xib */ = {isa = PBXFileReference; lastKnownFileType = file.xib; path = InforView.xib; sourceTree = "<group>"; };
		3AB9107729641B2400955BBD /* TitleInforView.swift */ = {isa = PBXFileReference; lastKnownFileType = sourcecode.swift; path = TitleInforView.swift; sourceTree = "<group>"; };
		3AB9107929641B4C00955BBD /* TitleInforView.xib */ = {isa = PBXFileReference; lastKnownFileType = file.xib; path = TitleInforView.xib; sourceTree = "<group>"; };
		3AB910832964249800955BBD /* DocumentView.xib */ = {isa = PBXFileReference; lastKnownFileType = file.xib; path = DocumentView.xib; sourceTree = "<group>"; };
		3AB91085296424A100955BBD /* DocumentView.swift */ = {isa = PBXFileReference; lastKnownFileType = sourcecode.swift; path = DocumentView.swift; sourceTree = "<group>"; };
		3ABB4A67295B0173000B5899 /* Array+.swift */ = {isa = PBXFileReference; lastKnownFileType = sourcecode.swift; path = "Array+.swift"; sourceTree = "<group>"; };
		3ABF87B529EFC4D500E80AE8 /* WidgetKit.framework */ = {isa = PBXFileReference; lastKnownFileType = wrapper.framework; name = WidgetKit.framework; path = System/Library/Frameworks/WidgetKit.framework; sourceTree = SDKROOT; };
		3ABF87B729EFC4D600E80AE8 /* SwiftUI.framework */ = {isa = PBXFileReference; lastKnownFileType = wrapper.framework; name = SwiftUI.framework; path = System/Library/Frameworks/SwiftUI.framework; sourceTree = SDKROOT; };
		3AC331F82971022100F469AD /* Icon-2@2x.png */ = {isa = PBXFileReference; lastKnownFileType = image.png; path = "Icon-2@2x.png"; sourceTree = "<group>"; };
		3AC331FA2971025200F469AD /* Icon-2@3x.png */ = {isa = PBXFileReference; lastKnownFileType = image.png; path = "Icon-2@3x.png"; sourceTree = "<group>"; };
		3AC331FC2971029500F469AD /* Icon-3@3x.png */ = {isa = PBXFileReference; lastKnownFileType = image.png; path = "Icon-3@3x.png"; sourceTree = "<group>"; };
		3AC331FD2971029600F469AD /* Icon-3@2x.png */ = {isa = PBXFileReference; lastKnownFileType = image.png; path = "Icon-3@2x.png"; sourceTree = "<group>"; };
		3ACB3FD1296FB3FD00FE50C7 /* AppleWalletVC.swift */ = {isa = PBXFileReference; lastKnownFileType = sourcecode.swift; path = AppleWalletVC.swift; sourceTree = "<group>"; };
		3ACB3FD3296FB40A00FE50C7 /* AppleWalletVC.storyboard */ = {isa = PBXFileReference; lastKnownFileType = file.storyboard; path = AppleWalletVC.storyboard; sourceTree = "<group>"; };
		3AD152452978F8970054A372 /* LoginMyProfileVC.swift */ = {isa = PBXFileReference; lastKnownFileType = sourcecode.swift; path = LoginMyProfileVC.swift; sourceTree = "<group>"; };
		3AD152462978F8970054A372 /* LoginMyProfileVC.xib */ = {isa = PBXFileReference; lastKnownFileType = file.xib; path = LoginMyProfileVC.xib; sourceTree = "<group>"; };
		3AD7D5E12949C53100FE2AE9 /* HomeMyProfileViewController.swift */ = {isa = PBXFileReference; lastKnownFileType = sourcecode.swift; path = HomeMyProfileViewController.swift; sourceTree = "<group>"; };
		3AD7D5E32949C54000FE2AE9 /* HomeMyProfileViewController.storyboard */ = {isa = PBXFileReference; lastKnownFileType = file.storyboard; path = HomeMyProfileViewController.storyboard; sourceTree = "<group>"; };
		3AD7D5E5294AB2A500FE2AE9 /* MFFuntions.plist */ = {isa = PBXFileReference; lastKnownFileType = text.plist.xml; path = MFFuntions.plist; sourceTree = "<group>"; };
		3AD7D5E7294AB44C00FE2AE9 /* MyProfileIC.xcassets */ = {isa = PBXFileReference; lastKnownFileType = folder.assetcatalog; path = MyProfileIC.xcassets; sourceTree = "<group>"; };
		3ADFA28A28B3136C00D5EC6E /* gif.app */ = {isa = PBXFileReference; explicitFileType = wrapper.application; includeInIndex = 0; path = gif.app; sourceTree = BUILT_PRODUCTS_DIR; };
		3ADFA28D28B3136C00D5EC6E /* AppDelegate.swift */ = {isa = PBXFileReference; lastKnownFileType = sourcecode.swift; path = AppDelegate.swift; sourceTree = "<group>"; };
		3ADFA28F28B3136C00D5EC6E /* SceneDelegate.swift */ = {isa = PBXFileReference; lastKnownFileType = sourcecode.swift; path = SceneDelegate.swift; sourceTree = "<group>"; };
		3ADFA29128B3136C00D5EC6E /* ViewController.swift */ = {isa = PBXFileReference; lastKnownFileType = sourcecode.swift; path = ViewController.swift; sourceTree = "<group>"; };
		3ADFA29428B3136C00D5EC6E /* Base */ = {isa = PBXFileReference; lastKnownFileType = file.storyboard; name = Base; path = Base.lproj/Main.storyboard; sourceTree = "<group>"; };
		3ADFA29628B3136E00D5EC6E /* Assets.xcassets */ = {isa = PBXFileReference; lastKnownFileType = folder.assetcatalog; path = Assets.xcassets; sourceTree = "<group>"; };
		3ADFA29928B3136E00D5EC6E /* Base */ = {isa = PBXFileReference; lastKnownFileType = file.storyboard; name = Base; path = Base.lproj/LaunchScreen.storyboard; sourceTree = "<group>"; };
		3ADFA29B28B3136E00D5EC6E /* Info.plist */ = {isa = PBXFileReference; lastKnownFileType = text.plist.xml; path = Info.plist; sourceTree = "<group>"; };
		3ADFA2A528B3183700D5EC6E /* gift-on-the-way.json */ = {isa = PBXFileReference; fileEncoding = 4; lastKnownFileType = text.json; path = "gift-on-the-way.json"; sourceTree = "<group>"; };
		3AE221C02A4AE707002C4890 /* VNAButton.swift */ = {isa = PBXFileReference; lastKnownFileType = sourcecode.swift; path = VNAButton.swift; sourceTree = "<group>"; };
		3AE221C22A4AE713002C4890 /* VNAButton.xib */ = {isa = PBXFileReference; lastKnownFileType = file.xib; path = VNAButton.xib; sourceTree = "<group>"; };
		3AE221C52A4AF720002C4890 /* VNAPassengerView.swift */ = {isa = PBXFileReference; lastKnownFileType = sourcecode.swift; path = VNAPassengerView.swift; sourceTree = "<group>"; };
		3AE221C72A4AF72C002C4890 /* VNAPassengerView.xib */ = {isa = PBXFileReference; lastKnownFileType = file.xib; path = VNAPassengerView.xib; sourceTree = "<group>"; };
		3AE745632A60EEC5001B1F08 /* TicketView.swift */ = {isa = PBXFileReference; lastKnownFileType = sourcecode.swift; path = TicketView.swift; sourceTree = "<group>"; };
		3AE745652A60EED2001B1F08 /* TicketView.xib */ = {isa = PBXFileReference; lastKnownFileType = file.xib; path = TicketView.xib; sourceTree = "<group>"; };
		3AEA76E028D30BDE000D8C50 /* PopupView.xib */ = {isa = PBXFileReference; lastKnownFileType = file.xib; path = PopupView.xib; sourceTree = "<group>"; };
		3AEA76E228D30BF1000D8C50 /* PopupView.swift */ = {isa = PBXFileReference; lastKnownFileType = sourcecode.swift; path = PopupView.swift; sourceTree = "<group>"; };
		3AF10C9D29E6AF6A0023E7F0 /* HeaderAlert.swift */ = {isa = PBXFileReference; lastKnownFileType = sourcecode.swift; path = HeaderAlert.swift; sourceTree = "<group>"; };
		3AF10C9F29E6AF720023E7F0 /* HeaderAlert.storyboard */ = {isa = PBXFileReference; lastKnownFileType = file.storyboard; path = HeaderAlert.storyboard; sourceTree = "<group>"; };
		3AF248C329DAAAFA00A13CDE /* CustomSegmentedControl.swift */ = {isa = PBXFileReference; lastKnownFileType = sourcecode.swift; path = CustomSegmentedControl.swift; sourceTree = "<group>"; };
		3AF42BA12B597E7000D54F2B /* VNDTPopupDetailFlight.swift */ = {isa = PBXFileReference; lastKnownFileType = sourcecode.swift; path = VNDTPopupDetailFlight.swift; sourceTree = "<group>"; };
		3AF42BA32B597E7A00D54F2B /* VNDTPopupDetailFlight.xib */ = {isa = PBXFileReference; lastKnownFileType = file.xib; path = VNDTPopupDetailFlight.xib; sourceTree = "<group>"; };
		3AF42BA52B5984CC00D54F2B /* VNDTSearchFlight.swift */ = {isa = PBXFileReference; lastKnownFileType = sourcecode.swift; path = VNDTSearchFlight.swift; sourceTree = "<group>"; };
		3AF42BA62B5984CC00D54F2B /* VNDTSearchFlight.xib */ = {isa = PBXFileReference; lastKnownFileType = file.xib; path = VNDTSearchFlight.xib; sourceTree = "<group>"; };
		3AF9DB3C296BBC2000190476 /* PopupContactView.swift */ = {isa = PBXFileReference; lastKnownFileType = sourcecode.swift; path = PopupContactView.swift; sourceTree = "<group>"; };
		3AF9DB3E296BBC2600190476 /* PopupContactView.xib */ = {isa = PBXFileReference; lastKnownFileType = file.xib; path = PopupContactView.xib; sourceTree = "<group>"; };
		3AF9DB41296BC2B200190476 /* PopupWindownVC.swift */ = {isa = PBXFileReference; lastKnownFileType = sourcecode.swift; path = PopupWindownVC.swift; sourceTree = "<group>"; };
		3AF9DB44296C254A00190476 /* PopupAddCardVC.swift */ = {isa = PBXFileReference; lastKnownFileType = sourcecode.swift; path = PopupAddCardVC.swift; sourceTree = "<group>"; };
		3AF9DB46296C254F00190476 /* PopupAddCardVC.storyboard */ = {isa = PBXFileReference; lastKnownFileType = file.storyboard; path = PopupAddCardVC.storyboard; sourceTree = "<group>"; };
		8630C5843A00CA751C539D60 /* Pods-gif.release.xcconfig */ = {isa = PBXFileReference; includeInIndex = 1; lastKnownFileType = text.xcconfig; name = "Pods-gif.release.xcconfig"; path = "Target Support Files/Pods-gif/Pods-gif.release.xcconfig"; sourceTree = "<group>"; };
		90B1E295063AF1AACF6229A8 /* Pods_gif.framework */ = {isa = PBXFileReference; explicitFileType = wrapper.framework; includeInIndex = 0; path = Pods_gif.framework; sourceTree = BUILT_PRODUCTS_DIR; };
/* End PBXFileReference section */

/* Begin PBXFrameworksBuildPhase section */
		3ADFA28728B3136C00D5EC6E /* Frameworks */ = {
			isa = PBXFrameworksBuildPhase;
			buildActionMask = 2147483647;
			files = (
				B383849DF62F8D76BD5B869B /* Pods_gif.framework in Frameworks */,
			);
			runOnlyForDeploymentPostprocessing = 0;
		};
/* End PBXFrameworksBuildPhase section */

/* Begin PBXGroup section */
		3A0C89D92976B24B00DFFEC7 /* OTPStackView */ = {
			isa = PBXGroup;
			children = (
				3A0C89DA2976B25200DFFEC7 /* OTPStackView.swift */,
				3A0C89DC2976B27100DFFEC7 /* OTPTextField.swift */,
			);
			path = OTPStackView;
			sourceTree = "<group>";
		};
		3A0D5A2B28D17CCF00C08219 /* LoginVC */ = {
			isa = PBXGroup;
			children = (
				3A0D5A2C28D17CE400C08219 /* LoginVC.storyboard */,
				3A0D5A2E28D17CFB00C08219 /* LoginVC.swift */,
			);
			path = LoginVC;
			sourceTree = "<group>";
		};
		3A0DFCA1295EE99C008A2A66 /* ProfileInfor */ = {
			isa = PBXGroup;
			children = (
				3A0DFCA2295EE9B4008A2A66 /* ProfileInforVC.swift */,
				3A0DFCA4295EE9C3008A2A66 /* ProfileInfor.storyboard */,
			);
			path = ProfileInfor;
			sourceTree = "<group>";
		};
		3A15F24928B36950009E472B /* JsonAnimation */ = {
			isa = PBXGroup;
			children = (
				3A964D6A29498AC90033C11D /* down.json */,
				3A964D6929498AC90033C11D /* up.json */,
				3A8CC76628D1D58C005BD468 /* 101468-contact-lottie-animation.json */,
				3A8CC76428D1D4E8005BD468 /* 119723-3d-skyline-building.json */,
				3A0D5A2928D17AFA00C08219 /* qrpay.json */,
				3A15F24628B3694D009E472B /* ic1.json */,
				3A15F24528B3694D009E472B /* ic2.json */,
				3ADFA2A528B3183700D5EC6E /* gift-on-the-way.json */,
			);
			path = JsonAnimation;
			sourceTree = "<group>";
		};
		3A15F24A28B36E4D009E472B /* AppConfigue */ = {
			isa = PBXGroup;
			children = (
				3ADFA28D28B3136C00D5EC6E /* AppDelegate.swift */,
				3ADFA28F28B3136C00D5EC6E /* SceneDelegate.swift */,
				3A5CCF912BA2D19F001EDF95 /* App.swift */,
			);
			path = AppConfigue;
			sourceTree = "<group>";
		};
		3A2F243229599041002B7702 /* HorizontalScrollViewVC - DemoLabel */ = {
			isa = PBXGroup;
			children = (
				3A541E3C295D36E300E5EBBE /* HorizontalScrollViewVC.swift */,
				3AF248C329DAAAFA00A13CDE /* CustomSegmentedControl.swift */,
				3A541E3E295D36E900E5EBBE /* HorizontalScrollViewVC.storyboard */,
			);
			path = "HorizontalScrollViewVC - DemoLabel";
			sourceTree = "<group>";
		};
		3A3631AA28C5A51700BADCB7 /* Extension */ = {
			isa = PBXGroup;
			children = (
				3A3631AB28C5A53E00BADCB7 /* UIView+.swift */,
				3A3631B028C7272000BADCB7 /* Color+.swift */,
				3A5835C928CAD00800D344E6 /* String+.swift */,
				3A964D5E294984B10033C11D /* UIButton+.swift */,
				3A964D61294985090033C11D /* UIGestureRecognizer+.swift */,
				3A5E6CAE2952B0B8003A2882 /* UIFont+.swift */,
				3ABB4A67295B0173000B5899 /* Array+.swift */,
				3A541E42295D38B100E5EBBE /* Date+.swift */,
				3A5E19612976824200D702D9 /* UserDefaults+.swift */,
			);
			path = Extension;
			sourceTree = "<group>";
		};
		3A3631AE28C5A65500BADCB7 /* MainView */ = {
			isa = PBXGroup;
			children = (
				3ADFA29328B3136C00D5EC6E /* Main.storyboard */,
				3ADFA29128B3136C00D5EC6E /* ViewController.swift */,
			);
			path = MainView;
			sourceTree = "<group>";
		};
		3A4D8B9A2990A18E00780FD5 /* VNALoading */ = {
			isa = PBXGroup;
			children = (
				3A98B52C2990A962009C651E /* VNALoading.json */,
				3A4D8B9B2990A1AE00780FD5 /* VNALoading.swift */,
			);
			path = VNALoading;
			sourceTree = "<group>";
		};
		3A541E40295D381A00E5EBBE /* DTScrollView */ = {
			isa = PBXGroup;
			children = (
				3A5E6CA02951B00A003A2882 /* DTScrollView.swift */,
				3A81EAD0296D3754009CFB86 /* TPKeyboardAvoidingScrollView.swift */,
			);
			path = DTScrollView;
			sourceTree = "<group>";
		};
		3A541E44295D3B0900E5EBBE /* DateExamplesVC */ = {
			isa = PBXGroup;
			children = (
				3A541E46295D3B3F00E5EBBE /* DateExamplesVC.swift */,
				3A541E48295D3B4F00E5EBBE /* DateExamplesVC.storyboard */,
			);
			path = DateExamplesVC;
			sourceTree = "<group>";
		};
		3A541E4A295D46C900E5EBBE /* DashedLineView */ = {
			isa = PBXGroup;
			children = (
				3A541E4B295D46CF00E5EBBE /* DashedLineView.swift */,
			);
			path = DashedLineView;
			sourceTree = "<group>";
		};
		3A541E4D295D470400E5EBBE /* DTLabel */ = {
			isa = PBXGroup;
			children = (
				3A541E4E295D472F00E5EBBE /* DTLabel.swift */,
			);
			path = DTLabel;
			sourceTree = "<group>";
		};
		3A55324628B767D100051F8C /* SelectImg */ = {
			isa = PBXGroup;
			children = (
				3A55324728B767DD00051F8C /* ImagePickerManager.swift */,
			);
			path = SelectImg;
			sourceTree = "<group>";
		};
		3A5533F228B87DD200051F8C /* ChooseColorView */ = {
			isa = PBXGroup;
			children = (
				3A5533F328B8826800051F8C /* ChooseColorView.swift */,
				3A5533F528B8827700051F8C /* ChooseColorView.xib */,
			);
			path = ChooseColorView;
			sourceTree = "<group>";
		};
		3A55341B28BC7CC200051F8C /* CustomView */ = {
			isa = PBXGroup;
			children = (
				3A7FC5042B626F1A003B1E3B /* ActiveLabel */,
				3AE745622A60EEA2001B1F08 /* TicketView */,
				3AF10C9C29E6AEDC0023E7F0 /* HeaderAlert */,
				3A4D8B9A2990A18E00780FD5 /* VNALoading */,
				3AB24D23296800AB00F55DD1 /* VNAChooseSelectionView */,
				3A877B2A28BDA95F0030CCDB /* InputView */,
				3AAACDD0296513660094EE18 /* VNDTSelectDateView */,
				3AB91071296419E500955BBD /* InforView */,
				3A541E4D295D470400E5EBBE /* DTLabel */,
				3A541E4A295D46C900E5EBBE /* DashedLineView */,
				3A541E40295D381A00E5EBBE /* DTScrollView */,
				3A964D66294986E70033C11D /* VNDTHeaderView */,
				3A964D632949861B0033C11D /* VNBButton */,
				3A55324628B767D100051F8C /* SelectImg */,
				3AEA76DF28D30BB0000D8C50 /* PopupView */,
				3A877B2D28BE182D0030CCDB /* TabarHomeVC */,
				3A62FAFE28B5BC23000F7FB1 /* NavBar */,
				3A5CCF932BA2D93E001EDF95 /* DTHeaderView.swift */,
				3A5CCF942BA2D93E001EDF95 /* DTHeaderView.xib */,
			);
			path = CustomView;
			sourceTree = "<group>";
		};
		3A5822082955997B00F908E7 /* CheckPhoneNumber */ = {
			isa = PBXGroup;
			children = (
				3A5822092955998B00F908E7 /* CheckPhoneNumber.storyboard */,
				3A58220B2955999300F908E7 /* CheckPhoneNumber.swift */,
			);
			path = CheckPhoneNumber;
			sourceTree = "<group>";
		};
		3A5CCF7C2BA2CE12001EDF95 /* SettingsVC */ = {
			isa = PBXGroup;
			children = (
				3A5CCF812BA2CF30001EDF95 /* SettingVC.swift */,
				3A5CCF822BA2CF30001EDF95 /* SettingVC.xib */,
			);
			path = SettingsVC;
			sourceTree = "<group>";
		};
		3A5CCF892BA2D101001EDF95 /* String */ = {
			isa = PBXGroup;
			children = (
				3A5CCF8E2BA2D120001EDF95 /* Localizable.strings */,
			);
			path = String;
			sourceTree = "<group>";
		};
		3A5E196329769F7200D702D9 /* VNBAlertController */ = {
			isa = PBXGroup;
			children = (
				3A5E196429769F8300D702D9 /* VNBAlertController.swift */,
			);
			path = VNBAlertController;
			sourceTree = "<group>";
		};
		3A5E19662976AABE00D702D9 /* OTPVC */ = {
			isa = PBXGroup;
			children = (
				3A0C89D92976B24B00DFFEC7 /* OTPStackView */,
				3A5E19672976AAD400D702D9 /* OTPVC.swift */,
				3A5E19682976AAD400D702D9 /* OTPVC.xib */,
			);
			path = OTPVC;
			sourceTree = "<group>";
		};
		3A5E6C9D2951AA97003A2882 /* CustomView */ = {
			isa = PBXGroup;
			children = (
				3A5E6C9E2951AAA4003A2882 /* HomeCellItem.swift */,
				3A5E6CA32952ACF1003A2882 /* ProfileView.swift */,
			);
			path = CustomView;
			sourceTree = "<group>";
		};
		3A5E6CA72952B023003A2882 /* Font */ = {
			isa = PBXGroup;
			children = (
				3A79F7A0297521CA0093F4A9 /* Card.ttf */,
				3A5E6CA82952B036003A2882 /* SF-Pro-Display-Bold.otf */,
				3A5E6CA92952B036003A2882 /* SF-Pro-Display-BoldItalic.otf */,
				3A5E6CAD2952B039003A2882 /* SF-Pro-Display-Medium.otf */,
				3A5E6CAC2952B038003A2882 /* SF-Pro-Display-MediumItalic.otf */,
				3A5E6CAA2952B037003A2882 /* SF-Pro-Display-Regular.otf */,
				3A5E6CAB2952B038003A2882 /* SF-Pro-Display-RegularItalic.otf */,
			);
			path = Font;
			sourceTree = "<group>";
		};
		3A62FAD928B4DD55000F7FB1 /* Scenes */ = {
			isa = PBXGroup;
			children = (
				3A5CCF7C2BA2CE12001EDF95 /* SettingsVC */,
				3ACB3FD0296FB3E100FE50C7 /* AppleWalletVC */,
				3AAACDD62965553D0094EE18 /* AddEventToCalendar */,
				3A541E44295D3B0900E5EBBE /* DateExamplesVC */,
				3A2F243229599041002B7702 /* HorizontalScrollViewVC - DemoLabel */,
				3A5822082955997B00F908E7 /* CheckPhoneNumber */,
				3AD7D5E02949C51400FE2AE9 /* MyProfile */,
				3A8CC75928D18DA3005BD468 /* ContactVC */,
				3A3631AE28C5A65500BADCB7 /* MainView */,
				3A0D5A2B28D17CCF00C08219 /* LoginVC */,
			);
			path = Scenes;
			sourceTree = "<group>";
		};
		3A62FAFE28B5BC23000F7FB1 /* NavBar */ = {
			isa = PBXGroup;
			children = (
				3A55324228B72FBE00051F8C /* Gradient.swift */,
			);
			path = NavBar;
			sourceTree = "<group>";
		};
		3A62FB0C28B5CB9A000F7FB1 /* Model */ = {
			isa = PBXGroup;
			children = (
				3A3631DA28C84E0700BADCB7 /* UserDefault.swift */,
				3A62FB0D28B5CBA6000F7FB1 /* HomeIcon.swift */,
				3A8CC75728D18CF0005BD468 /* Contacts.swift */,
				3A5E6CA52952AE8D003A2882 /* ProfileModel.swift */,
				3A5E195E29767FB300D702D9 /* data.json */,
			);
			path = Model;
			sourceTree = "<group>";
		};
		3A79F79D2974EAE00093F4A9 /* VNAValueView */ = {
			isa = PBXGroup;
			children = (
				3A79F79E2974EAF00093F4A9 /* VNAValueView.swift */,
			);
			path = VNAValueView;
			sourceTree = "<group>";
		};
		3A7FC5042B626F1A003B1E3B /* ActiveLabel */ = {
			isa = PBXGroup;
			children = (
				3A7FC5052B626F4F003B1E3B /* ActiveType.swift */,
			);
			path = ActiveLabel;
			sourceTree = "<group>";
		};
		3A81EACA296D1630009CFB86 /* NewTextInputView */ = {
			isa = PBXGroup;
			children = (
				3A81EACB296D16E5009CFB86 /* NewTextInputView.swift */,
				3A81EACD296D16EC009CFB86 /* NewTextInputView.xib */,
			);
			path = NewTextInputView;
			sourceTree = "<group>";
		};
		3A877B2A28BDA95F0030CCDB /* InputView */ = {
			isa = PBXGroup;
			children = (
				3A81EACA296D1630009CFB86 /* NewTextInputView */,
				3AB9106F2964189D00955BBD /* DTTextInputView.swift */,
			);
			path = InputView;
			sourceTree = "<group>";
		};
		3A877B2D28BE182D0030CCDB /* TabarHomeVC */ = {
			isa = PBXGroup;
			children = (
				3A877B3B28BF69750030CCDB /* Model */,
				3A0D5A2728CF2E5A00C08219 /* NewHome.plist */,
				3A877B3028BE186C0030CCDB /* TabbarHomeVC.swift */,
				3A877B3228BE18980030CCDB /* TabbarHomeVC.xib */,
				3A877B3428BF1E160030CCDB /* IconCell */,
				3A5533F228B87DD200051F8C /* ChooseColorView */,
			);
			path = TabarHomeVC;
			sourceTree = "<group>";
		};
		3A877B3428BF1E160030CCDB /* IconCell */ = {
			isa = PBXGroup;
			children = (
				3A877B3528BF1E520030CCDB /* iconCell.swift */,
				3A877B3628BF1E520030CCDB /* iconCell.xib */,
			);
			path = IconCell;
			sourceTree = "<group>";
		};
		3A877B3B28BF69750030CCDB /* Model */ = {
			isa = PBXGroup;
			children = (
				3A877B3C28BF69820030CCDB /* VNATabBarIconModel.swift */,
			);
			path = Model;
			sourceTree = "<group>";
		};
		3A898CFB2A5D66C40098B433 /* myWidget */ = {
			isa = PBXGroup;
			children = (
				3A898CFC2A5D66C40098B433 /* myWidgetBundle.swift */,
				3A898CFE2A5D66C40098B433 /* myWidgetLiveActivity.swift */,
				3A898D002A5D66C40098B433 /* myWidget.swift */,
				3A898D022A5D66C50098B433 /* Assets.xcassets */,
				3A898D042A5D66C50098B433 /* Info.plist */,
			);
			path = myWidget;
			sourceTree = "<group>";
		};
		3A8CC75928D18DA3005BD468 /* ContactVC */ = {
			isa = PBXGroup;
			children = (
				3A8CC75A28D18DB3005BD468 /* ContactVC.swift */,
				3A8CC75C28D18DBA005BD468 /* ContactVC.storyboard */,
				3A8CC76028D1948F005BD468 /* ContactCell.swift */,
				3A8CC76128D1948F005BD468 /* ContactCell.xib */,
			);
			path = ContactVC;
			sourceTree = "<group>";
		};
		3A8FDB9B2966CFDB00D5280C /* ConTactVC */ = {
			isa = PBXGroup;
			children = (
				3A8FDB9E2966CFF900D5280C /* ContactViewController.swift */,
				3A8FDB9C2966CFED00D5280C /* ContactViewController.storyboard */,
				3AF9DB3A296BBBB700190476 /* PopUp */,
				3AB24D1E2967D55D00F55DD1 /* AddNewContactVC */,
				3A8FDBA02966DCA300D5280C /* InforContactVC */,
				3AB24D192967B9F200F55DD1 /* TableViewCell */,
			);
			path = ConTactVC;
			sourceTree = "<group>";
		};
		3A8FDBA02966DCA300D5280C /* InforContactVC */ = {
			isa = PBXGroup;
			children = (
				3A8FDBA12966DCC100D5280C /* InforContactVC.swift */,
				3A8FDBA32966DCC700D5280C /* InforContactVC.storyboard */,
			);
			path = InforContactVC;
			sourceTree = "<group>";
		};
		3A964D5329497FAF0033C11D /* Domain */ = {
			isa = PBXGroup;
			children = (
				3A62FB0C28B5CB9A000F7FB1 /* Model */,
			);
			path = Domain;
			sourceTree = "<group>";
		};
		3A964D5429497FCA0033C11D /* Presentation */ = {
			isa = PBXGroup;
			children = (
				3A964D5529497FE50033C11D /* Base */,
				3A55341B28BC7CC200051F8C /* CustomView */,
				3A62FAD928B4DD55000F7FB1 /* Scenes */,
			);
			path = Presentation;
			sourceTree = "<group>";
		};
		3A964D5529497FE50033C11D /* Base */ = {
			isa = PBXGroup;
			children = (
				3A964D5B294982F80033C11D /* BaseViewController.swift */,
				3A964D7029498B180033C11D /* BaseView.swift */,
			);
			path = Base;
			sourceTree = "<group>";
		};
		3A964D56294980160033C11D /* Resources */ = {
			isa = PBXGroup;
			children = (
				3A5CCF892BA2D101001EDF95 /* String */,
				3A5E6CA72952B023003A2882 /* Font */,
				3A964D58294980A00033C11D /* Images */,
				3A15F24928B36950009E472B /* JsonAnimation */,
			);
			path = Resources;
			sourceTree = "<group>";
		};
		3A964D57294980460033C11D /* Supports */ = {
			isa = PBXGroup;
			children = (
				3A3631AA28C5A51700BADCB7 /* Extension */,
			);
			path = Supports;
			sourceTree = "<group>";
		};
		3A964D58294980A00033C11D /* Images */ = {
			isa = PBXGroup;
			children = (
				3A964D59294980AD0033C11D /* HomeIC.xcassets */,
				3AD7D5E7294AB44C00FE2AE9 /* MyProfileIC.xcassets */,
				3A5E196B2976AE3300D702D9 /* Color.xcassets */,
			);
			path = Images;
			sourceTree = "<group>";
		};
		3A964D632949861B0033C11D /* VNBButton */ = {
			isa = PBXGroup;
			children = (
				3A964D64294986200033C11D /* VNBButton.swift */,
				3AE221C02A4AE707002C4890 /* VNAButton.swift */,
				3AE221C22A4AE713002C4890 /* VNAButton.xib */,
			);
			path = VNBButton;
			sourceTree = "<group>";
		};
		3A964D66294986E70033C11D /* VNDTHeaderView */ = {
			isa = PBXGroup;
			children = (
				3A964D67294986ED0033C11D /* VNDTHeaderView.swift */,
			);
			path = VNDTHeaderView;
			sourceTree = "<group>";
		};
		3AAACDCB296483D60094EE18 /* BSVCardView */ = {
			isa = PBXGroup;
			children = (
				3AAACDCC296483E60094EE18 /* BSVCardView.swift */,
				3AAACDCE296483EC0094EE18 /* BSVCardView.xib */,
			);
			path = BSVCardView;
			sourceTree = "<group>";
		};
		3AAACDD0296513660094EE18 /* VNDTSelectDateView */ = {
			isa = PBXGroup;
			children = (
				3AAACDD1296513770094EE18 /* TimePickerToolBarView */,
				3AAACDD4296513AC0094EE18 /* VNDTSelectDateView.swift */,
			);
			path = VNDTSelectDateView;
			sourceTree = "<group>";
		};
		3AAACDD1296513770094EE18 /* TimePickerToolBarView */ = {
			isa = PBXGroup;
			children = (
				3AAACDD2296513950094EE18 /* TimePickerToolBarView.swift */,
			);
			path = TimePickerToolBarView;
			sourceTree = "<group>";
		};
		3AAACDD62965553D0094EE18 /* AddEventToCalendar */ = {
			isa = PBXGroup;
			children = (
				3AF42BA02B597E3B00D54F2B /* VNDTPopupView */,
				3AAACDD7296555760094EE18 /* AddEventVC.swift */,
				3AAACDD92965557F0094EE18 /* AddEventVC.storyboard */,
				3AF42BA52B5984CC00D54F2B /* VNDTSearchFlight.swift */,
				3AF42BA62B5984CC00D54F2B /* VNDTSearchFlight.xib */,
			);
			path = AddEventToCalendar;
			sourceTree = "<group>";
		};
		3AB24D192967B9F200F55DD1 /* TableViewCell */ = {
			isa = PBXGroup;
			children = (
				3AB24D1A2967BA1A00F55DD1 /* VNATableViewCell.swift */,
				3AB24D1B2967BA1A00F55DD1 /* VNATableViewCell.xib */,
			);
			path = TableViewCell;
			sourceTree = "<group>";
		};
		3AB24D1E2967D55D00F55DD1 /* AddNewContactVC */ = {
			isa = PBXGroup;
			children = (
				3AB24D1F2967D59300F55DD1 /* AddNewContactVC.swift */,
				3AB24D212967D5A900F55DD1 /* AddNewContactVC.storyboard */,
			);
			path = AddNewContactVC;
			sourceTree = "<group>";
		};
		3AB24D23296800AB00F55DD1 /* VNAChooseSelectionView */ = {
			isa = PBXGroup;
			children = (
				3AB24D24296800B600F55DD1 /* VNAChooseSelectionView.swift */,
			);
			path = VNAChooseSelectionView;
			sourceTree = "<group>";
		};
		3AB910662963FEB600955BBD /* HomeMyprofile */ = {
			isa = PBXGroup;
			children = (
				3AD7D5E12949C53100FE2AE9 /* HomeMyProfileViewController.swift */,
				3AD7D5E32949C54000FE2AE9 /* HomeMyProfileViewController.storyboard */,
				3AB910672963FEE800955BBD /* Model */,
			);
			path = HomeMyprofile;
			sourceTree = "<group>";
		};
		3AB910672963FEE800955BBD /* Model */ = {
			isa = PBXGroup;
			children = (
				3AA4A164294ADD09000D9C89 /* Model.swift */,
				3AD7D5E5294AB2A500FE2AE9 /* MFFuntions.plist */,
			);
			path = Model;
			sourceTree = "<group>";
		};
		3AB91071296419E500955BBD /* InforView */ = {
			isa = PBXGroup;
			children = (
				3AAACDCB296483D60094EE18 /* BSVCardView */,
				3AB910822964244F00955BBD /* DocumentView */,
				3AB9107629641B0000955BBD /* TitleView */,
				3AB9107229641A2500955BBD /* InforView.swift */,
				3AB9107429641A3600955BBD /* InforView.xib */,
			);
			path = InforView;
			sourceTree = "<group>";
		};
		3AB9107629641B0000955BBD /* TitleView */ = {
			isa = PBXGroup;
			children = (
				3AB9107729641B2400955BBD /* TitleInforView.swift */,
				3AB9107929641B4C00955BBD /* TitleInforView.xib */,
			);
			path = TitleView;
			sourceTree = "<group>";
		};
		3AB910822964244F00955BBD /* DocumentView */ = {
			isa = PBXGroup;
			children = (
				3AB910832964249800955BBD /* DocumentView.xib */,
				3AB91085296424A100955BBD /* DocumentView.swift */,
			);
			path = DocumentView;
			sourceTree = "<group>";
		};
		3AC331EB2970F5F400F469AD /* Icons */ = {
			isa = PBXGroup;
			children = (
				3AC331F82971022100F469AD /* Icon-2@2x.png */,
				3AC331FA2971025200F469AD /* Icon-2@3x.png */,
				3AC331FD2971029600F469AD /* Icon-3@2x.png */,
				3AC331FC2971029500F469AD /* Icon-3@3x.png */,
			);
			path = Icons;
			sourceTree = "<group>";
		};
		3ACB3FD0296FB3E100FE50C7 /* AppleWalletVC */ = {
			isa = PBXGroup;
			children = (
				3A79F79D2974EAE00093F4A9 /* VNAValueView */,
				3ACB3FD1296FB3FD00FE50C7 /* AppleWalletVC.swift */,
				3ACB3FD3296FB40A00FE50C7 /* AppleWalletVC.storyboard */,
			);
			path = AppleWalletVC;
			sourceTree = "<group>";
		};
		3AD152402978F8480054A372 /* LoginVC */ = {
			isa = PBXGroup;
			children = (
				3AD152452978F8970054A372 /* LoginMyProfileVC.swift */,
				3AD152462978F8970054A372 /* LoginMyProfileVC.xib */,
			);
			path = LoginVC;
			sourceTree = "<group>";
		};
		3AD7D5E02949C51400FE2AE9 /* MyProfile */ = {
			isa = PBXGroup;
			children = (
				3AD152402978F8480054A372 /* LoginVC */,
				3A5E19662976AABE00D702D9 /* OTPVC */,
				3AF9DB43296C253000190476 /* PopupAddCard */,
				3A8FDB9B2966CFDB00D5280C /* ConTactVC */,
				3AB910662963FEB600955BBD /* HomeMyprofile */,
				3A0DFCA1295EE99C008A2A66 /* ProfileInfor */,
				3A5E6C9D2951AA97003A2882 /* CustomView */,
			);
			path = MyProfile;
			sourceTree = "<group>";
		};
		3ADFA28128B3136C00D5EC6E = {
			isa = PBXGroup;
			children = (
				3A898CFB2A5D66C40098B433 /* myWidget */,
				3ADFA28C28B3136C00D5EC6E /* gif */,
				3ADFA28B28B3136C00D5EC6E /* Products */,
				D356FB0EFD9E6CA5188587F1 /* Pods */,
				DC7E8DE1EDBB98C790DE52C3 /* Frameworks */,
			);
			sourceTree = "<group>";
		};
		3ADFA28B28B3136C00D5EC6E /* Products */ = {
			isa = PBXGroup;
			children = (
				3ADFA28A28B3136C00D5EC6E /* gif.app */,
			);
			name = Products;
			sourceTree = "<group>";
		};
		3ADFA28C28B3136C00D5EC6E /* gif */ = {
			isa = PBXGroup;
			children = (
				3AC331EB2970F5F400F469AD /* Icons */,
				3ADFA29628B3136E00D5EC6E /* Assets.xcassets */,
				3ADFA29828B3136E00D5EC6E /* LaunchScreen.storyboard */,
				3ADFA29B28B3136E00D5EC6E /* Info.plist */,
				3A15F24A28B36E4D009E472B /* AppConfigue */,
				3A964D5329497FAF0033C11D /* Domain */,
				3A964D56294980160033C11D /* Resources */,
				3A964D5429497FCA0033C11D /* Presentation */,
				3A964D57294980460033C11D /* Supports */,
			);
			path = gif;
			sourceTree = "<group>";
		};
		3AE221C42A4AF703002C4890 /* custommView */ = {
			isa = PBXGroup;
			children = (
				3AE221C52A4AF720002C4890 /* VNAPassengerView.swift */,
				3AE221C72A4AF72C002C4890 /* VNAPassengerView.xib */,
			);
			path = custommView;
			sourceTree = "<group>";
		};
		3AE745622A60EEA2001B1F08 /* TicketView */ = {
			isa = PBXGroup;
			children = (
				3A5E196329769F7200D702D9 /* VNBAlertController */,
				3AE745632A60EEC5001B1F08 /* TicketView.swift */,
				3AE745652A60EED2001B1F08 /* TicketView.xib */,
			);
			path = TicketView;
			sourceTree = "<group>";
		};
		3AEA76DF28D30BB0000D8C50 /* PopupView */ = {
			isa = PBXGroup;
			children = (
				3AEA76E028D30BDE000D8C50 /* PopupView.xib */,
				3AEA76E228D30BF1000D8C50 /* PopupView.swift */,
			);
			name = PopupView;
			sourceTree = "<group>";
		};
		3AF10C9C29E6AEDC0023E7F0 /* HeaderAlert */ = {
			isa = PBXGroup;
			children = (
				3AF10C9D29E6AF6A0023E7F0 /* HeaderAlert.swift */,
				3AF10C9F29E6AF720023E7F0 /* HeaderAlert.storyboard */,
			);
			path = HeaderAlert;
			sourceTree = "<group>";
		};
		3AF42BA02B597E3B00D54F2B /* VNDTPopupView */ = {
			isa = PBXGroup;
			children = (
				3AF42BA12B597E7000D54F2B /* VNDTPopupDetailFlight.swift */,
				3AF42BA32B597E7A00D54F2B /* VNDTPopupDetailFlight.xib */,
			);
			path = VNDTPopupView;
			sourceTree = "<group>";
		};
		3AF9DB3A296BBBB700190476 /* PopUp */ = {
			isa = PBXGroup;
			children = (
				3AF9DB3C296BBC2000190476 /* PopupContactView.swift */,
				3AF9DB3E296BBC2600190476 /* PopupContactView.xib */,
				3AF9DB41296BC2B200190476 /* PopupWindownVC.swift */,
			);
			path = PopUp;
			sourceTree = "<group>";
		};
		3AF9DB43296C253000190476 /* PopupAddCard */ = {
			isa = PBXGroup;
			children = (
				3AE221C42A4AF703002C4890 /* custommView */,
				3AF9DB44296C254A00190476 /* PopupAddCardVC.swift */,
				3AF9DB46296C254F00190476 /* PopupAddCardVC.storyboard */,
			);
			path = PopupAddCard;
			sourceTree = "<group>";
		};
		D356FB0EFD9E6CA5188587F1 /* Pods */ = {
			isa = PBXGroup;
			children = (
				075968509E1CDEE015BA2083 /* Pods-gif.debug.xcconfig */,
				8630C5843A00CA751C539D60 /* Pods-gif.release.xcconfig */,
			);
			path = Pods;
			sourceTree = "<group>";
		};
		DC7E8DE1EDBB98C790DE52C3 /* Frameworks */ = {
			isa = PBXGroup;
			children = (
				90B1E295063AF1AACF6229A8 /* Pods_gif.framework */,
				3ABF87B529EFC4D500E80AE8 /* WidgetKit.framework */,
				3ABF87B729EFC4D600E80AE8 /* SwiftUI.framework */,
			);
			name = Frameworks;
			sourceTree = "<group>";
		};
/* End PBXGroup section */

/* Begin PBXNativeTarget section */
		3ADFA28928B3136C00D5EC6E /* gif */ = {
			isa = PBXNativeTarget;
			buildConfigurationList = 3ADFA29E28B3136E00D5EC6E /* Build configuration list for PBXNativeTarget "gif" */;
			buildPhases = (
				6C5D11793B8AC918D6FEAC3A /* [CP] Check Pods Manifest.lock */,
				3ADFA28628B3136C00D5EC6E /* Sources */,
				3ADFA28728B3136C00D5EC6E /* Frameworks */,
				3ADFA28828B3136C00D5EC6E /* Resources */,
				AD0B5075349B9B2633EAA312 /* [CP] Embed Pods Frameworks */,
				3A3633E8295149C40010FA73 /* Embed Frameworks */,
				3AEB099E29EFCB2C00956150 /* Embed Foundation Extensions */,
			);
			buildRules = (
			);
			dependencies = (
			);
			name = gif;
			productName = gif;
			productReference = 3ADFA28A28B3136C00D5EC6E /* gif.app */;
			productType = "com.apple.product-type.application";
		};
/* End PBXNativeTarget section */

/* Begin PBXProject section */
		3ADFA28228B3136C00D5EC6E /* Project object */ = {
			isa = PBXProject;
			attributes = {
				BuildIndependentTargetsInParallel = 1;
				LastSwiftUpdateCheck = 1430;
				LastUpgradeCheck = 1340;
				TargetAttributes = {
					3ADFA28928B3136C00D5EC6E = {
						CreatedOnToolsVersion = 13.4.1;
					};
				};
			};
			buildConfigurationList = 3ADFA28528B3136C00D5EC6E /* Build configuration list for PBXProject "gif" */;
			compatibilityVersion = "Xcode 13.0";
			developmentRegion = en;
			hasScannedForEncodings = 0;
			knownRegions = (
				en,
				Base,
				vi,
				ko,
			);
			mainGroup = 3ADFA28128B3136C00D5EC6E;
			productRefGroup = 3ADFA28B28B3136C00D5EC6E /* Products */;
			projectDirPath = "";
			projectRoot = "";
			targets = (
				3ADFA28928B3136C00D5EC6E /* gif */,
			);
		};
/* End PBXProject section */

/* Begin PBXResourcesBuildPhase section */
		3ADFA28828B3136C00D5EC6E /* Resources */ = {
			isa = PBXResourcesBuildPhase;
			buildActionMask = 2147483647;
			files = (
				3A7FC5072B6270A8003B1E3B /* MFFuntions.plist in Resources */,
				3A7FC4F82B626423003B1E3B /* NewHome.plist in Resources */,
				3AF9DB47296C254F00190476 /* PopupAddCardVC.storyboard in Resources */,
				3A5E196C2976AE3300D702D9 /* Color.xcassets in Resources */,
				3ADFA2A628B3183700D5EC6E /* gift-on-the-way.json in Resources */,
				3A5CCF842BA2CF30001EDF95 /* SettingVC.xib in Resources */,
				3AB24D222967D5A900F55DD1 /* AddNewContactVC.storyboard in Resources */,
				3A964D6C29498AC90033C11D /* down.json in Resources */,
				3AD7D5E42949C54000FE2AE9 /* HomeMyProfileViewController.storyboard in Resources */,
				3AB9107529641A3600955BBD /* InforView.xib in Resources */,
				3ADFA29A28B3136E00D5EC6E /* LaunchScreen.storyboard in Resources */,
				3AC331FB2971025200F469AD /* Icon-2@3x.png in Resources */,
				3AAACDCF296483EC0094EE18 /* BSVCardView.xib in Resources */,
				3AB9107A29641B4C00955BBD /* TitleInforView.xib in Resources */,
				3AF42BA82B5984CC00D54F2B /* VNDTSearchFlight.xib in Resources */,
				3A98B52D2990A962009C651E /* VNALoading.json in Resources */,
				3A5CCF8C2BA2D120001EDF95 /* Localizable.strings in Resources */,
				3AC331F92971022100F469AD /* Icon-2@2x.png in Resources */,
				3A8FDBA42966DCC700D5280C /* InforContactVC.storyboard in Resources */,
				3A0D5A2A28D17AFA00C08219 /* qrpay.json in Resources */,
				3AD152482978F8970054A372 /* LoginMyProfileVC.xib in Resources */,
				3ADFA29728B3136E00D5EC6E /* Assets.xcassets in Resources */,
				3A8CC76728D1D58C005BD468 /* 101468-contact-lottie-animation.json in Resources */,
				3AC331FE2971029600F469AD /* Icon-3@3x.png in Resources */,
				3A15F24728B3694D009E472B /* ic2.json in Resources */,
				3A964D5A294980AD0033C11D /* HomeIC.xcassets in Resources */,
				3AD7D5E8294AB44C00FE2AE9 /* MyProfileIC.xcassets in Resources */,
				3A8FDB9D2966CFED00D5280C /* ContactViewController.storyboard in Resources */,
				3AEA76E128D30BDE000D8C50 /* PopupView.xib in Resources */,
				3ACB3FD4296FB40A00FE50C7 /* AppleWalletVC.storyboard in Resources */,
				3A0DFCA5295EE9C3008A2A66 /* ProfileInfor.storyboard in Resources */,
				3AF42BA42B597E7A00D54F2B /* VNDTPopupDetailFlight.xib in Resources */,
				3AAACDDA2965557F0094EE18 /* AddEventVC.storyboard in Resources */,
				3A15F24828B3694D009E472B /* ic1.json in Resources */,
				3A8CC76328D1948F005BD468 /* ContactCell.xib in Resources */,
				3A8CC76528D1D4E8005BD468 /* 119723-3d-skyline-building.json in Resources */,
				3AE745662A60EED2001B1F08 /* TicketView.xib in Resources */,
				3AF9DB3F296BBC2600190476 /* PopupContactView.xib in Resources */,
				3A8CC75D28D18DBA005BD468 /* ContactVC.storyboard in Resources */,
				3A5CCF962BA2D93E001EDF95 /* DTHeaderView.xib in Resources */,
				3AB910842964249800955BBD /* DocumentView.xib in Resources */,
				3AF10CA029E6AF720023E7F0 /* HeaderAlert.storyboard in Resources */,
				3AB24D1D2967BA1A00F55DD1 /* VNATableViewCell.xib in Resources */,
				3A5533F628B8827700051F8C /* ChooseColorView.xib in Resources */,
				3A81EACE296D16EC009CFB86 /* NewTextInputView.xib in Resources */,
				3AE221C82A4AF72C002C4890 /* VNAPassengerView.xib in Resources */,
				3ADFA29528B3136C00D5EC6E /* Main.storyboard in Resources */,
				3A541E49295D3B4F00E5EBBE /* DateExamplesVC.storyboard in Resources */,
				3A0D5A2D28D17CE400C08219 /* LoginVC.storyboard in Resources */,
				3A964D6B29498AC90033C11D /* up.json in Resources */,
				3A58220A2955998B00F908E7 /* CheckPhoneNumber.storyboard in Resources */,
				3A541E3F295D36E900E5EBBE /* HorizontalScrollViewVC.storyboard in Resources */,
				3AC331FF2971029600F469AD /* Icon-3@2x.png in Resources */,
				3AE221C32A4AE713002C4890 /* VNAButton.xib in Resources */,
				3A5E196A2976AAD400D702D9 /* OTPVC.xib in Resources */,
				3A877B3828BF1E520030CCDB /* iconCell.xib in Resources */,
				3A5E195F29767FB300D702D9 /* data.json in Resources */,
				3A877B3328BE18980030CCDB /* TabbarHomeVC.xib in Resources */,
			);
			runOnlyForDeploymentPostprocessing = 0;
		};
/* End PBXResourcesBuildPhase section */

/* Begin PBXShellScriptBuildPhase section */
		6C5D11793B8AC918D6FEAC3A /* [CP] Check Pods Manifest.lock */ = {
			isa = PBXShellScriptBuildPhase;
			buildActionMask = 2147483647;
			files = (
			);
			inputFileListPaths = (
			);
			inputPaths = (
				"${PODS_PODFILE_DIR_PATH}/Podfile.lock",
				"${PODS_ROOT}/Manifest.lock",
			);
			name = "[CP] Check Pods Manifest.lock";
			outputFileListPaths = (
			);
			outputPaths = (
				"$(DERIVED_FILE_DIR)/Pods-gif-checkManifestLockResult.txt",
			);
			runOnlyForDeploymentPostprocessing = 0;
			shellPath = /bin/sh;
			shellScript = "diff \"${PODS_PODFILE_DIR_PATH}/Podfile.lock\" \"${PODS_ROOT}/Manifest.lock\" > /dev/null\nif [ $? != 0 ] ; then\n    # print error to STDERR\n    echo \"error: The sandbox is not in sync with the Podfile.lock. Run 'pod install' or update your CocoaPods installation.\" >&2\n    exit 1\nfi\n# This output is used by Xcode 'outputs' to avoid re-running this script phase.\necho \"SUCCESS\" > \"${SCRIPT_OUTPUT_FILE_0}\"\n";
			showEnvVarsInLog = 0;
		};
		AD0B5075349B9B2633EAA312 /* [CP] Embed Pods Frameworks */ = {
			isa = PBXShellScriptBuildPhase;
			buildActionMask = 2147483647;
			files = (
			);
			inputFileListPaths = (
				"${PODS_ROOT}/Target Support Files/Pods-gif/Pods-gif-frameworks-${CONFIGURATION}-input-files.xcfilelist",
			);
			name = "[CP] Embed Pods Frameworks";
			outputFileListPaths = (
				"${PODS_ROOT}/Target Support Files/Pods-gif/Pods-gif-frameworks-${CONFIGURATION}-output-files.xcfilelist",
			);
			runOnlyForDeploymentPostprocessing = 0;
			shellPath = /bin/sh;
			shellScript = "\"${PODS_ROOT}/Target Support Files/Pods-gif/Pods-gif-frameworks.sh\"\n";
			showEnvVarsInLog = 0;
		};
/* End PBXShellScriptBuildPhase section */

/* Begin PBXSourcesBuildPhase section */
		3ADFA28628B3136C00D5EC6E /* Sources */ = {
			isa = PBXSourcesBuildPhase;
			buildActionMask = 2147483647;
			files = (
				3A964D7129498B180033C11D /* BaseView.swift in Sources */,
				3A8CC76228D1948F005BD468 /* ContactCell.swift in Sources */,
				3A8CC75B28D18DB3005BD468 /* ContactVC.swift in Sources */,
				3A541E4C295D46CF00E5EBBE /* DashedLineView.swift in Sources */,
				3A7FC5062B626F4F003B1E3B /* ActiveType.swift in Sources */,
				3AAACDCD296483E60094EE18 /* BSVCardView.swift in Sources */,
				3A3631B128C7272000BADCB7 /* Color+.swift in Sources */,
				3ABB4A68295B0173000B5899 /* Array+.swift in Sources */,
				3A0D5A2F28D17CFB00C08219 /* LoginVC.swift in Sources */,
				3A5E19622976824200D702D9 /* UserDefaults+.swift in Sources */,
				3AB91086296424A100955BBD /* DocumentView.swift in Sources */,
				3A5E19692976AAD400D702D9 /* OTPVC.swift in Sources */,
				3AF9DB3D296BBC2000190476 /* PopupContactView.swift in Sources */,
				3AD152472978F8970054A372 /* LoginMyProfileVC.swift in Sources */,
				3A964D5F294984B10033C11D /* UIButton+.swift in Sources */,
				3A55324328B72FBE00051F8C /* Gradient.swift in Sources */,
				3A5E6C9F2951AAA4003A2882 /* HomeCellItem.swift in Sources */,
				3A81EAD1296D3754009CFB86 /* TPKeyboardAvoidingScrollView.swift in Sources */,
				3A3631AC28C5A53E00BADCB7 /* UIView+.swift in Sources */,
				3AD7D5E22949C53100FE2AE9 /* HomeMyProfileViewController.swift in Sources */,
				3A964D62294985090033C11D /* UIGestureRecognizer+.swift in Sources */,
				3AEA76E328D30BF1000D8C50 /* PopupView.swift in Sources */,
				3AF42BA72B5984CC00D54F2B /* VNDTSearchFlight.swift in Sources */,
				3A4D8B9C2990A1AE00780FD5 /* VNALoading.swift in Sources */,
				3A8CC75828D18CF0005BD468 /* Contacts.swift in Sources */,
				3A5CCF832BA2CF30001EDF95 /* SettingVC.swift in Sources */,
				3A62FB0E28B5CBA6000F7FB1 /* HomeIcon.swift in Sources */,
				3ADFA29228B3136C00D5EC6E /* ViewController.swift in Sources */,
				3AF10C9E29E6AF6A0023E7F0 /* HeaderAlert.swift in Sources */,
				3AE221C12A4AE707002C4890 /* VNAButton.swift in Sources */,
				3AB9107329641A2500955BBD /* InforView.swift in Sources */,
				3A964D5C294982F80033C11D /* BaseViewController.swift in Sources */,
				3ADFA28E28B3136C00D5EC6E /* AppDelegate.swift in Sources */,
				3AF9DB45296C254A00190476 /* PopupAddCardVC.swift in Sources */,
				3A541E47295D3B3F00E5EBBE /* DateExamplesVC.swift in Sources */,
				3A5E6CAF2952B0B8003A2882 /* UIFont+.swift in Sources */,
				3AB24D202967D59300F55DD1 /* AddNewContactVC.swift in Sources */,
				3A5E6CA62952AE8D003A2882 /* ProfileModel.swift in Sources */,
				3A5533F428B8826800051F8C /* ChooseColorView.swift in Sources */,
				3A0DFCA3295EE9B4008A2A66 /* ProfileInforVC.swift in Sources */,
				3ACB3FD2296FB3FD00FE50C7 /* AppleWalletVC.swift in Sources */,
				3A964D65294986200033C11D /* VNBButton.swift in Sources */,
				3AB910702964189D00955BBD /* DTTextInputView.swift in Sources */,
				3AE221C62A4AF720002C4890 /* VNAPassengerView.swift in Sources */,
				3AF9DB42296BC2B200190476 /* PopupWindownVC.swift in Sources */,
				3A55324828B767DD00051F8C /* ImagePickerManager.swift in Sources */,
				3AB24D25296800B600F55DD1 /* VNAChooseSelectionView.swift in Sources */,
				3A5CCF952BA2D93E001EDF95 /* DTHeaderView.swift in Sources */,
				3A0C89DD2976B27100DFFEC7 /* OTPTextField.swift in Sources */,
				3AB24D1C2967BA1A00F55DD1 /* VNATableViewCell.swift in Sources */,
				3AF248C429DAAAFA00A13CDE /* CustomSegmentedControl.swift in Sources */,
				3A3631DB28C84E0700BADCB7 /* UserDefault.swift in Sources */,
				3AAACDD5296513AC0094EE18 /* VNDTSelectDateView.swift in Sources */,
				3AAACDD3296513950094EE18 /* TimePickerToolBarView.swift in Sources */,
				3A8FDB9F2966CFF900D5280C /* ContactViewController.swift in Sources */,
				3A5E196529769F8300D702D9 /* VNBAlertController.swift in Sources */,
				3A877B3128BE186C0030CCDB /* TabbarHomeVC.swift in Sources */,
				3AE745682A60F3DE001B1F08 /* TicketView.swift in Sources */,
				3AB9107829641B2400955BBD /* TitleInforView.swift in Sources */,
				3A877B3D28BF69820030CCDB /* VNATabBarIconModel.swift in Sources */,
				3A5E6CA42952ACF1003A2882 /* ProfileView.swift in Sources */,
				3A0C89DB2976B25200DFFEC7 /* OTPStackView.swift in Sources */,
				3A81EACC296D16E5009CFB86 /* NewTextInputView.swift in Sources */,
				3A964D68294986ED0033C11D /* VNDTHeaderView.swift in Sources */,
				3A877B3728BF1E520030CCDB /* iconCell.swift in Sources */,
				3AA4A165294ADD09000D9C89 /* Model.swift in Sources */,
				3AF42BA22B597E7000D54F2B /* VNDTPopupDetailFlight.swift in Sources */,
				3A79F79F2974EAF00093F4A9 /* VNAValueView.swift in Sources */,
				3A541E43295D38B100E5EBBE /* Date+.swift in Sources */,
				3A5CCF922BA2D19F001EDF95 /* App.swift in Sources */,
				3A5E6CA12951B00A003A2882 /* DTScrollView.swift in Sources */,
				3A5835CA28CAD00800D344E6 /* String+.swift in Sources */,
				3A8FDBA22966DCC100D5280C /* InforContactVC.swift in Sources */,
				3A541E3D295D36E300E5EBBE /* HorizontalScrollViewVC.swift in Sources */,
				3A541E4F295D472F00E5EBBE /* DTLabel.swift in Sources */,
				3A58220C2955999300F908E7 /* CheckPhoneNumber.swift in Sources */,
				3ADFA29028B3136C00D5EC6E /* SceneDelegate.swift in Sources */,
				3AAACDD8296555760094EE18 /* AddEventVC.swift in Sources */,
			);
			runOnlyForDeploymentPostprocessing = 0;
		};
/* End PBXSourcesBuildPhase section */

/* Begin PBXVariantGroup section */
		3A5CCF8E2BA2D120001EDF95 /* Localizable.strings */ = {
			isa = PBXVariantGroup;
			children = (
				3A5CCF8D2BA2D120001EDF95 /* en */,
				3A5CCF8F2BA2D128001EDF95 /* ko */,
				3A5CCF902BA2D12A001EDF95 /* vi */,
			);
			name = Localizable.strings;
			sourceTree = "<group>";
		};
		3ADFA29328B3136C00D5EC6E /* Main.storyboard */ = {
			isa = PBXVariantGroup;
			children = (
				3ADFA29428B3136C00D5EC6E /* Base */,
			);
			name = Main.storyboard;
			sourceTree = "<group>";
		};
		3ADFA29828B3136E00D5EC6E /* LaunchScreen.storyboard */ = {
			isa = PBXVariantGroup;
			children = (
				3ADFA29928B3136E00D5EC6E /* Base */,
			);
			name = LaunchScreen.storyboard;
			sourceTree = "<group>";
		};
/* End PBXVariantGroup section */

/* Begin XCBuildConfiguration section */
		3ADFA29C28B3136E00D5EC6E /* Debug */ = {
			isa = XCBuildConfiguration;
			buildSettings = {
				ALWAYS_SEARCH_USER_PATHS = NO;
				CLANG_ANALYZER_LOCALIZABILITY_NONLOCALIZED = YES;
				CLANG_ANALYZER_NONNULL = YES;
				CLANG_ANALYZER_NUMBER_OBJECT_CONVERSION = YES_AGGRESSIVE;
				CLANG_CXX_LANGUAGE_STANDARD = "gnu++17";
				CLANG_ENABLE_MODULES = YES;
				CLANG_ENABLE_OBJC_ARC = YES;
				CLANG_ENABLE_OBJC_WEAK = YES;
				CLANG_WARN_BLOCK_CAPTURE_AUTORELEASING = YES;
				CLANG_WARN_BOOL_CONVERSION = YES;
				CLANG_WARN_COMMA = YES;
				CLANG_WARN_CONSTANT_CONVERSION = YES;
				CLANG_WARN_DEPRECATED_OBJC_IMPLEMENTATIONS = YES;
				CLANG_WARN_DIRECT_OBJC_ISA_USAGE = YES_ERROR;
				CLANG_WARN_DOCUMENTATION_COMMENTS = YES;
				CLANG_WARN_EMPTY_BODY = YES;
				CLANG_WARN_ENUM_CONVERSION = YES;
				CLANG_WARN_INFINITE_RECURSION = YES;
				CLANG_WARN_INT_CONVERSION = YES;
				CLANG_WARN_NON_LITERAL_NULL_CONVERSION = YES;
				CLANG_WARN_OBJC_IMPLICIT_RETAIN_SELF = YES;
				CLANG_WARN_OBJC_LITERAL_CONVERSION = YES;
				CLANG_WARN_OBJC_ROOT_CLASS = YES_ERROR;
				CLANG_WARN_QUOTED_INCLUDE_IN_FRAMEWORK_HEADER = YES;
				CLANG_WARN_RANGE_LOOP_ANALYSIS = YES;
				CLANG_WARN_STRICT_PROTOTYPES = YES;
				CLANG_WARN_SUSPICIOUS_MOVE = YES;
				CLANG_WARN_UNGUARDED_AVAILABILITY = YES_AGGRESSIVE;
				CLANG_WARN_UNREACHABLE_CODE = YES;
				CLANG_WARN__DUPLICATE_METHOD_MATCH = YES;
				COPY_PHASE_STRIP = NO;
				DEBUG_INFORMATION_FORMAT = dwarf;
				ENABLE_STRICT_OBJC_MSGSEND = YES;
				ENABLE_TESTABILITY = YES;
				GCC_C_LANGUAGE_STANDARD = gnu11;
				GCC_DYNAMIC_NO_PIC = NO;
				GCC_NO_COMMON_BLOCKS = YES;
				GCC_OPTIMIZATION_LEVEL = 0;
				GCC_PREPROCESSOR_DEFINITIONS = (
					"DEBUG=1",
					"$(inherited)",
				);
				GCC_WARN_64_TO_32_BIT_CONVERSION = YES;
				GCC_WARN_ABOUT_RETURN_TYPE = YES_ERROR;
				GCC_WARN_UNDECLARED_SELECTOR = YES;
				GCC_WARN_UNINITIALIZED_AUTOS = YES_AGGRESSIVE;
				GCC_WARN_UNUSED_FUNCTION = YES;
				GCC_WARN_UNUSED_VARIABLE = YES;
				IPHONEOS_DEPLOYMENT_TARGET = 14.0;
				MTL_ENABLE_DEBUG_INFO = INCLUDE_SOURCE;
				MTL_FAST_MATH = YES;
				ONLY_ACTIVE_ARCH = YES;
				SDKROOT = iphoneos;
				SWIFT_ACTIVE_COMPILATION_CONDITIONS = DEBUG;
				SWIFT_OPTIMIZATION_LEVEL = "-Onone";
			};
			name = Debug;
		};
		3ADFA29D28B3136E00D5EC6E /* Release */ = {
			isa = XCBuildConfiguration;
			buildSettings = {
				ALWAYS_SEARCH_USER_PATHS = NO;
				CLANG_ANALYZER_LOCALIZABILITY_NONLOCALIZED = YES;
				CLANG_ANALYZER_NONNULL = YES;
				CLANG_ANALYZER_NUMBER_OBJECT_CONVERSION = YES_AGGRESSIVE;
				CLANG_CXX_LANGUAGE_STANDARD = "gnu++17";
				CLANG_ENABLE_MODULES = YES;
				CLANG_ENABLE_OBJC_ARC = YES;
				CLANG_ENABLE_OBJC_WEAK = YES;
				CLANG_WARN_BLOCK_CAPTURE_AUTORELEASING = YES;
				CLANG_WARN_BOOL_CONVERSION = YES;
				CLANG_WARN_COMMA = YES;
				CLANG_WARN_CONSTANT_CONVERSION = YES;
				CLANG_WARN_DEPRECATED_OBJC_IMPLEMENTATIONS = YES;
				CLANG_WARN_DIRECT_OBJC_ISA_USAGE = YES_ERROR;
				CLANG_WARN_DOCUMENTATION_COMMENTS = YES;
				CLANG_WARN_EMPTY_BODY = YES;
				CLANG_WARN_ENUM_CONVERSION = YES;
				CLANG_WARN_INFINITE_RECURSION = YES;
				CLANG_WARN_INT_CONVERSION = YES;
				CLANG_WARN_NON_LITERAL_NULL_CONVERSION = YES;
				CLANG_WARN_OBJC_IMPLICIT_RETAIN_SELF = YES;
				CLANG_WARN_OBJC_LITERAL_CONVERSION = YES;
				CLANG_WARN_OBJC_ROOT_CLASS = YES_ERROR;
				CLANG_WARN_QUOTED_INCLUDE_IN_FRAMEWORK_HEADER = YES;
				CLANG_WARN_RANGE_LOOP_ANALYSIS = YES;
				CLANG_WARN_STRICT_PROTOTYPES = YES;
				CLANG_WARN_SUSPICIOUS_MOVE = YES;
				CLANG_WARN_UNGUARDED_AVAILABILITY = YES_AGGRESSIVE;
				CLANG_WARN_UNREACHABLE_CODE = YES;
				CLANG_WARN__DUPLICATE_METHOD_MATCH = YES;
				COPY_PHASE_STRIP = NO;
				DEBUG_INFORMATION_FORMAT = "dwarf-with-dsym";
				ENABLE_NS_ASSERTIONS = NO;
				ENABLE_STRICT_OBJC_MSGSEND = YES;
				GCC_C_LANGUAGE_STANDARD = gnu11;
				GCC_NO_COMMON_BLOCKS = YES;
				GCC_WARN_64_TO_32_BIT_CONVERSION = YES;
				GCC_WARN_ABOUT_RETURN_TYPE = YES_ERROR;
				GCC_WARN_UNDECLARED_SELECTOR = YES;
				GCC_WARN_UNINITIALIZED_AUTOS = YES_AGGRESSIVE;
				GCC_WARN_UNUSED_FUNCTION = YES;
				GCC_WARN_UNUSED_VARIABLE = YES;
				IPHONEOS_DEPLOYMENT_TARGET = 14.0;
				MTL_ENABLE_DEBUG_INFO = NO;
				MTL_FAST_MATH = YES;
				SDKROOT = iphoneos;
				SWIFT_COMPILATION_MODE = wholemodule;
				SWIFT_OPTIMIZATION_LEVEL = "-O";
				VALIDATE_PRODUCT = YES;
			};
			name = Release;
		};
		3ADFA29F28B3136E00D5EC6E /* Debug */ = {
			isa = XCBuildConfiguration;
			baseConfigurationReference = 075968509E1CDEE015BA2083 /* Pods-gif.debug.xcconfig */;
			buildSettings = {
				ALWAYS_EMBED_SWIFT_STANDARD_LIBRARIES = YES;
				ASSETCATALOG_COMPILER_APPICON_NAME = AppIcon;
				ASSETCATALOG_COMPILER_GLOBAL_ACCENT_COLOR_NAME = AccentColor;
				CODE_SIGN_STYLE = Automatic;
				CURRENT_PROJECT_VERSION = 1;
				DEVELOPMENT_TEAM = VMBR234FH9;
				GCC_PREPROCESSOR_DEFINITIONS = (
					"$(inherited)",
					"COCOAPODS=1",
					"DEV=1",
				);
				GENERATE_INFOPLIST_FILE = YES;
				INFOPLIST_FILE = /Users/duytran/Tabbar/gif/Info.plist;
				INFOPLIST_KEY_NSCameraUsageDescription = "Bật camera";
				INFOPLIST_KEY_NSContactsUsageDescription = "Dùng danh bạ";
				INFOPLIST_KEY_NSPhotoLibraryUsageDescription = "Chọn ảnh";
				INFOPLIST_KEY_UIApplicationSupportsIndirectInputEvents = YES;
				INFOPLIST_KEY_UILaunchStoryboardName = LaunchScreen;
				INFOPLIST_KEY_UIMainStoryboardFile = Main;
				INFOPLIST_KEY_UISupportedInterfaceOrientations_iPad = "UIInterfaceOrientationPortrait UIInterfaceOrientationPortraitUpsideDown UIInterfaceOrientationLandscapeLeft UIInterfaceOrientationLandscapeRight";
				INFOPLIST_KEY_UISupportedInterfaceOrientations_iPhone = "UIInterfaceOrientationPortrait UIInterfaceOrientationLandscapeLeft UIInterfaceOrientationLandscapeRight";
				IPHONEOS_DEPLOYMENT_TARGET = 14.0;
				LD_RUNPATH_SEARCH_PATHS = (
					"$(inherited)",
					"@executable_path/Frameworks",
				);
				MARKETING_VERSION = 1.0;
				PRODUCT_BUNDLE_IDENTIFIER = VNPAY.gif;
				PRODUCT_NAME = "$(TARGET_NAME)";
				SWIFT_EMIT_LOC_STRINGS = YES;
				SWIFT_VERSION = 5.0;
				TARGETED_DEVICE_FAMILY = "1,2";
			};
			name = Debug;
		};
		3ADFA2A028B3136E00D5EC6E /* Release */ = {
			isa = XCBuildConfiguration;
			baseConfigurationReference = 8630C5843A00CA751C539D60 /* Pods-gif.release.xcconfig */;
			buildSettings = {
				ALWAYS_EMBED_SWIFT_STANDARD_LIBRARIES = YES;
				ASSETCATALOG_COMPILER_APPICON_NAME = AppIcon;
				ASSETCATALOG_COMPILER_GLOBAL_ACCENT_COLOR_NAME = AccentColor;
				CODE_SIGN_STYLE = Automatic;
				CURRENT_PROJECT_VERSION = 1;
				DEVELOPMENT_TEAM = VMBR234FH9;
				ENABLE_NS_ASSERTIONS = YES;
				GCC_PREPROCESSOR_DEFINITIONS = (
					"$(inherited)",
					"COCOAPODS=1",
					"LIVE=1",
				);
				GENERATE_INFOPLIST_FILE = YES;
				INFOPLIST_FILE = /Users/duytran/Tabbar/gif/Info.plist;
				INFOPLIST_KEY_NSCameraUsageDescription = "Bật camera";
				INFOPLIST_KEY_NSContactsUsageDescription = "Dùng danh bạ";
				INFOPLIST_KEY_NSPhotoLibraryUsageDescription = "Chọn ảnh";
				INFOPLIST_KEY_UIApplicationSupportsIndirectInputEvents = YES;
				INFOPLIST_KEY_UILaunchStoryboardName = LaunchScreen;
				INFOPLIST_KEY_UIMainStoryboardFile = Main;
				INFOPLIST_KEY_UISupportedInterfaceOrientations_iPad = "UIInterfaceOrientationPortrait UIInterfaceOrientationPortraitUpsideDown UIInterfaceOrientationLandscapeLeft UIInterfaceOrientationLandscapeRight";
				INFOPLIST_KEY_UISupportedInterfaceOrientations_iPhone = "UIInterfaceOrientationPortrait UIInterfaceOrientationLandscapeLeft UIInterfaceOrientationLandscapeRight";
				IPHONEOS_DEPLOYMENT_TARGET = 14.0;
				LD_RUNPATH_SEARCH_PATHS = (
					"$(inherited)",
					"@executable_path/Frameworks",
				);
				MARKETING_VERSION = 1.0;
				PRODUCT_BUNDLE_IDENTIFIER = VNPAY.gif;
				PRODUCT_NAME = "$(TARGET_NAME)";
				SWIFT_EMIT_LOC_STRINGS = YES;
				SWIFT_VERSION = 5.0;
				TARGETED_DEVICE_FAMILY = "1,2";
			};
			name = Release;
		};
/* End XCBuildConfiguration section */

/* Begin XCConfigurationList section */
		3ADFA28528B3136C00D5EC6E /* Build configuration list for PBXProject "gif" */ = {
			isa = XCConfigurationList;
			buildConfigurations = (
				3ADFA29C28B3136E00D5EC6E /* Debug */,
				3ADFA29D28B3136E00D5EC6E /* Release */,
			);
			defaultConfigurationIsVisible = 0;
			defaultConfigurationName = Release;
		};
		3ADFA29E28B3136E00D5EC6E /* Build configuration list for PBXNativeTarget "gif" */ = {
			isa = XCConfigurationList;
			buildConfigurations = (
				3ADFA29F28B3136E00D5EC6E /* Debug */,
				3ADFA2A028B3136E00D5EC6E /* Release */,
			);
			defaultConfigurationIsVisible = 0;
			defaultConfigurationName = Release;
		};
/* End XCConfigurationList section */
	};
	rootObject = 3ADFA28228B3136C00D5EC6E /* Project object */;
}
